{
  "version": 4,
  "terraform_version": "1.6.6",
  "serial": 44,
  "lineage": "deb42f61-86db-0946-ea01-334e6878080d",
  "outputs": {},
  "resources": [
    {
      "mode": "data",
      "type": "aws_ami",
      "name": "ami_amazon_linux",
      "provider": "provider[\"registry.terraform.io/hashicorp/aws\"]",
      "instances": [
        {
          "schema_version": 0,
          "attributes": {
            "architecture": "x86_64",
            "arn": "arn:aws:ec2:us-east-1::image/ami-0440d3b780d96b29d",
            "block_device_mappings": [
              {
                "device_name": "/dev/xvda",
                "ebs": {
                  "delete_on_termination": "true",
                  "encrypted": "false",
                  "iops": "3000",
                  "snapshot_id": "snap-0fc9d6b92707fe1b2",
                  "throughput": "125",
                  "volume_size": "8",
                  "volume_type": "gp3"
                },
                "no_device": "",
                "virtual_name": ""
              }
            ],
            "boot_mode": "uefi-preferred",
            "creation_date": "2024-02-16T21:29:42.000Z",
            "deprecation_time": "2024-05-16T21:30:00.000Z",
            "description": "Amazon Linux 2023 AMI 2023.3.20240219.0 x86_64 HVM kernel-6.1",
            "ena_support": true,
            "executable_users": null,
            "filter": [
              {
                "name": "name",
                "values": [
                  "al2023-ami-2023.3.20240219.0-kernel-6.1-x86_64"
                ]
              },
              {
                "name": "virtualization-type",
                "values": [
                  "hvm"
                ]
              }
            ],
            "hypervisor": "xen",
            "id": "ami-0440d3b780d96b29d",
            "image_id": "ami-0440d3b780d96b29d",
            "image_location": "amazon/al2023-ami-2023.3.20240219.0-kernel-6.1-x86_64",
            "image_owner_alias": "amazon",
            "image_type": "machine",
            "imds_support": "v2.0",
            "include_deprecated": false,
            "kernel_id": "",
            "most_recent": true,
            "name": "al2023-ami-2023.3.20240219.0-kernel-6.1-x86_64",
            "name_regex": null,
            "owner_id": "137112412989",
            "owners": [
              "amazon"
            ],
            "platform": "",
            "platform_details": "Linux/UNIX",
            "product_codes": [],
            "public": true,
            "ramdisk_id": "",
            "root_device_name": "/dev/xvda",
            "root_device_type": "ebs",
            "root_snapshot_id": "snap-0fc9d6b92707fe1b2",
            "sriov_net_support": "simple",
            "state": "available",
            "state_reason": {
              "code": "UNSET",
              "message": "UNSET"
            },
            "tags": {},
            "timeouts": null,
            "tpm_support": "",
            "usage_operation": "RunInstances",
            "virtualization_type": "hvm"
          },
          "sensitive_attributes": []
        }
      ]
    },
    {
      "mode": "managed",
      "type": "aws_instance",
      "name": "private_instance",
      "provider": "provider[\"registry.terraform.io/hashicorp/aws\"]",
      "instances": [
        {
          "schema_version": 1,
          "attributes": {
            "ami": "ami-0440d3b780d96b29d",
            "arn": "arn:aws:ec2:us-east-1:109450601735:instance/i-099c015ef9cfbc233",
            "associate_public_ip_address": false,
            "availability_zone": "us-east-1b",
            "capacity_reservation_specification": [
              {
                "capacity_reservation_preference": "open",
                "capacity_reservation_target": []
              }
            ],
            "cpu_core_count": 1,
            "cpu_options": [
              {
                "amd_sev_snp": "",
                "core_count": 1,
                "threads_per_core": 1
              }
            ],
            "cpu_threads_per_core": 1,
            "credit_specification": [
              {
                "cpu_credits": "standard"
              }
            ],
            "disable_api_stop": false,
            "disable_api_termination": false,
            "ebs_block_device": [],
            "ebs_optimized": false,
            "enclave_options": [
              {
                "enabled": false
              }
            ],
            "ephemeral_block_device": [],
            "get_password_data": false,
            "hibernation": false,
            "host_id": "",
            "host_resource_group_arn": null,
            "iam_instance_profile": "",
            "id": "i-099c015ef9cfbc233",
            "instance_initiated_shutdown_behavior": "stop",
            "instance_lifecycle": "",
            "instance_market_options": [],
            "instance_state": "running",
            "instance_type": "t2.micro",
            "ipv6_address_count": 0,
            "ipv6_addresses": [],
            "key_name": "ssh_key",
            "launch_template": [],
            "maintenance_options": [
              {
                "auto_recovery": "default"
              }
            ],
            "metadata_options": [
              {
                "http_endpoint": "enabled",
                "http_protocol_ipv6": "disabled",
                "http_put_response_hop_limit": 2,
                "http_tokens": "required",
                "instance_metadata_tags": "disabled"
              }
            ],
            "monitoring": false,
            "network_interface": [],
            "outpost_arn": "",
            "password_data": "",
            "placement_group": "",
            "placement_partition_number": 0,
            "primary_network_interface_id": "eni-0cf7fa8e0df72b308",
            "private_dns": "ip-10-10-3-187.ec2.internal",
            "private_dns_name_options": [
              {
                "enable_resource_name_dns_a_record": false,
                "enable_resource_name_dns_aaaa_record": false,
                "hostname_type": "ip-name"
              }
            ],
            "private_ip": "10.10.3.187",
            "public_dns": "",
            "public_ip": "",
            "root_block_device": [
              {
                "delete_on_termination": true,
                "device_name": "/dev/xvda",
                "encrypted": false,
                "iops": 3000,
                "kms_key_id": "",
                "tags": {},
                "throughput": 125,
                "volume_id": "vol-068c117e6e955a890",
                "volume_size": 8,
                "volume_type": "gp3"
              }
            ],
            "secondary_private_ips": [],
            "security_groups": [
              "sg-094beb3d4d88f5443"
            ],
            "source_dest_check": true,
            "spot_instance_request_id": "",
            "subnet_id": "subnet-0fc6287d10ceb5c5b",
            "tags": {
              "Name": "FCJ-private-instance"
            },
            "tags_all": {
              "Environment": "Development",
              "Name": "FCJ-private-instance",
              "Owner": "Dev"
            },
            "tenancy": "default",
            "timeouts": null,
            "user_data": null,
            "user_data_base64": null,
            "user_data_replace_on_change": false,
            "volume_tags": null,
            "vpc_security_group_ids": [
              "sg-094beb3d4d88f5443"
            ]
          },
          "sensitive_attributes": [],
          "private": "eyJlMmJmYjczMC1lY2FhLTExZTYtOGY4OC0zNDM2M2JjN2M0YzAiOnsiY3JlYXRlIjo2MDAwMDAwMDAwMDAsImRlbGV0ZSI6MTIwMDAwMDAwMDAwMCwidXBkYXRlIjo2MDAwMDAwMDAwMDB9LCJzY2hlbWFfdmVyc2lvbiI6IjEifQ==",
          "dependencies": [
            "aws_key_pair.key_pair",
            "data.aws_ami.ami_amazon_linux",
            "module.aws_vpc.aws_security_group.public_sg",
            "module.aws_vpc.aws_subnet.private_subnet",
            "module.aws_vpc.aws_vpc.vpc",
            "tls_private_key.private_key"
          ]
        }
      ]
    },
    {
      "mode": "managed",
      "type": "aws_instance",
      "name": "public_instance",
      "provider": "provider[\"registry.terraform.io/hashicorp/aws\"]",
      "instances": [
        {
          "schema_version": 1,
          "attributes": {
            "ami": "ami-0440d3b780d96b29d",
            "arn": "arn:aws:ec2:us-east-1:109450601735:instance/i-004ea31b7a4643f69",
            "associate_public_ip_address": true,
            "availability_zone": "us-east-1a",
            "capacity_reservation_specification": [
              {
                "capacity_reservation_preference": "open",
                "capacity_reservation_target": []
              }
            ],
            "cpu_core_count": 1,
            "cpu_options": [
              {
                "amd_sev_snp": "",
                "core_count": 1,
                "threads_per_core": 1
              }
            ],
            "cpu_threads_per_core": 1,
            "credit_specification": [
              {
                "cpu_credits": "standard"
              }
            ],
            "disable_api_stop": false,
            "disable_api_termination": false,
            "ebs_block_device": [],
            "ebs_optimized": false,
            "enclave_options": [
              {
                "enabled": false
              }
            ],
            "ephemeral_block_device": [],
            "get_password_data": false,
            "hibernation": false,
            "host_id": "",
            "host_resource_group_arn": null,
            "iam_instance_profile": "",
            "id": "i-004ea31b7a4643f69",
            "instance_initiated_shutdown_behavior": "stop",
            "instance_lifecycle": "",
            "instance_market_options": [],
            "instance_state": "running",
            "instance_type": "t2.micro",
            "ipv6_address_count": 0,
            "ipv6_addresses": [],
            "key_name": "ssh_key",
            "launch_template": [],
            "maintenance_options": [
              {
                "auto_recovery": "default"
              }
            ],
            "metadata_options": [
              {
                "http_endpoint": "enabled",
                "http_protocol_ipv6": "disabled",
                "http_put_response_hop_limit": 2,
                "http_tokens": "required",
                "instance_metadata_tags": "disabled"
              }
            ],
            "monitoring": false,
            "network_interface": [],
            "outpost_arn": "",
            "password_data": "",
            "placement_group": "",
            "placement_partition_number": 0,
            "primary_network_interface_id": "eni-03717560970c11d1e",
            "private_dns": "ip-10-10-0-102.ec2.internal",
            "private_dns_name_options": [
              {
                "enable_resource_name_dns_a_record": false,
                "enable_resource_name_dns_aaaa_record": false,
                "hostname_type": "ip-name"
              }
            ],
            "private_ip": "10.10.0.102",
            "public_dns": "ec2-44-200-200-94.compute-1.amazonaws.com",
            "public_ip": "44.200.200.94",
            "root_block_device": [
              {
                "delete_on_termination": true,
                "device_name": "/dev/xvda",
                "encrypted": false,
                "iops": 3000,
                "kms_key_id": "",
                "tags": {},
                "throughput": 125,
                "volume_id": "vol-00a3e4c8b836aa552",
                "volume_size": 8,
                "volume_type": "gp3"
              }
            ],
            "secondary_private_ips": [],
            "security_groups": [
              "sg-094beb3d4d88f5443"
            ],
            "source_dest_check": true,
            "spot_instance_request_id": "",
            "subnet_id": "subnet-07ad57e4098f5a4e3",
            "tags": {
              "Name": "FCJ-public-instance"
            },
            "tags_all": {
              "Environment": "Development",
              "Name": "FCJ-public-instance",
              "Owner": "Dev"
            },
            "tenancy": "default",
            "timeouts": null,
            "user_data": null,
            "user_data_base64": null,
            "user_data_replace_on_change": false,
            "volume_tags": null,
            "vpc_security_group_ids": [
              "sg-094beb3d4d88f5443"
            ]
          },
          "sensitive_attributes": [],
          "private": "eyJlMmJmYjczMC1lY2FhLTExZTYtOGY4OC0zNDM2M2JjN2M0YzAiOnsiY3JlYXRlIjo2MDAwMDAwMDAwMDAsImRlbGV0ZSI6MTIwMDAwMDAwMDAwMCwidXBkYXRlIjo2MDAwMDAwMDAwMDB9LCJzY2hlbWFfdmVyc2lvbiI6IjEifQ==",
          "dependencies": [
            "aws_key_pair.key_pair",
            "data.aws_ami.ami_amazon_linux",
            "module.aws_vpc.aws_security_group.public_sg",
            "module.aws_vpc.aws_subnet.public_subnet",
            "module.aws_vpc.aws_vpc.vpc",
            "tls_private_key.private_key"
          ]
        }
      ]
    },
    {
      "mode": "managed",
      "type": "aws_key_pair",
      "name": "key_pair",
      "provider": "provider[\"registry.terraform.io/hashicorp/aws\"]",
      "instances": [
        {
          "schema_version": 1,
          "attributes": {
            "arn": "arn:aws:ec2:us-east-1:109450601735:key-pair/ssh_key",
            "fingerprint": "45:3c:dd:12:dd:d1:60:31:91:af:36:c0:4a:3d:73:a4",
            "id": "ssh_key",
            "key_name": "ssh_key",
            "key_name_prefix": "",
            "key_pair_id": "key-06a41fb7a6b076e0b",
            "key_type": "rsa",
            "public_key": "ssh-rsa AAAAB3NzaC1yc2EAAAADAQABAAABAQDPdMC9nLq+jfrDZkMy5w1YaZnxdphXEqUWeXjxTT1cN4hTIJSk/aVZj+u3J15tFDbUcRW9Y/83xRl6sen7x/+FedvLh4oMKfDD+lA5bChMoP1JxEKuHWcfnF1HXjQA8+gGK3WqkLg0OSpfgVre3iZQJNJbNE1bIXirBo2muehp1KFsiW22UV1jtuheb5Hjkyl1QUpQ5mgme7OkxFeHPdXxNtqoTmmzuPJQK3MsLB5LeVNfOr+aFwPUSrPmIN1XGZwPbv3TMSO6gvPInWopbT7EslcChAgShSYVnNN0BdeSY6lrkc9XSMcwGS9A4K/fiiiRqtRSOYzRvm2j3R8XMCpF",
            "tags": {
              "Name": "FCJ-key-pair"
            },
            "tags_all": {
              "Environment": "Development",
              "Name": "FCJ-key-pair",
              "Owner": "Dev"
            }
          },
          "sensitive_attributes": [],
          "private": "eyJzY2hlbWFfdmVyc2lvbiI6IjEifQ==",
          "dependencies": [
            "tls_private_key.private_key"
          ]
        }
      ]
    },
    {
      "mode": "managed",
      "type": "local_file",
      "name": "save_key",
      "provider": "provider[\"registry.terraform.io/hashicorp/local\"]",
      "instances": [
        {
          "schema_version": 0,
          "attributes": {
            "content": "-----BEGIN RSA PRIVATE KEY-----\nMIIEpQIBAAKCAQEAz3TAvZy6vo36w2ZDMucNWGmZ8XaYVxKlFnl48U09XDeIUyCU\npP2lWY/rtydebRQ21HEVvWP/N8UZerHp+8f/hXnby4eKDCnww/pQOWwoTKD9ScRC\nrh1nH5xdR140APPoBit1qpC4NDkqX4Fa3t4mUCTSWzRNWyF4qwaNprnoadShbIlt\ntlFdY7boXm+R45MpdUFKUOZoJnuzpMRXhz3V8TbaqE5ps7jyUCtzLCweS3lTXzq/\nmhcD1Eqz5iDdVxmcD2790zEjuoLzyJ1qKW0+xLJXAoQIEoUmFZzTdAXXkmOpa5HP\nV0jHMBkvQOCv34ookarUUjmM0b5to90fFzAqRQIDAQABAoIBAADrAVdVdDYXpr5q\nm22EPDjh7r50yePIv1ZEH1biAp1/2WiUwlOgk7S7wE1FLVPKPRvfjDsUUDLM+nni\ng6iLkAPlMCXMab34CYq0dtpqMht0suo6phjjJGutY3RHZG+EpMgyNQkWLtp8TkWx\n6tcFoKHGJ/AjYRxAH6qSEtpkBDVDq5D21El9WvGHpxVsw4Lo0mE3+9paZrT2jPG4\nwEspa3TxHGqe8P34GOasmTdTzPQcevbpoULtalJZWRTd9ZsCC3BdVBqgMUkxZjyc\nLdqQz0a+xbynEzhaVXL+C5w9JA3vEPLGoUaW89Gg6kKyAL2jAquclcYaSXkyTX8Y\nHuIfsZkCgYEA4dEn+bU0SJDGrNfJLjDXZj6b/TvagoA6rDwY5OoI4Q+b2Zmb049q\nfrC/gcfGAM9VelpZBtItqgSaOJjV6fDpIR88dFeIq9gSnaWuMoc5aw81lGdJMqTw\n6x/aF2hlUNLXGzlBol9sVKzf/8tq7NzTlP0BR8D1MgOQNViXYMK0tF8CgYEA6y9V\nwWfUUBH4hLn8EsXcK1fenf+iy7pUiA0huU/G8svrBNM8o3ZS+uLz/Az9s6G3M5ip\nElSONPGGnKguSQ446c35oHmhe/VBK8F2wK+9rUKviNoSVtDXfqT+OulrTU2REr/t\nQtfhYhws7LaNNhZaf5xhtJE2mtHowMVuXsa7Q9sCgYEAnQV2OaGx2F+rdtaZkt/t\nd7BDgaQT/jiyE7+6Q7slL3JOGdJBU6vfDndSwyip2zhQpMKcMy0FCbsnjgFghcq6\nIQj6XZ/cbjnSQALMDWCQIYyy4h2r/WZKDATa/vndsYTahJictg6KYprPK6xEDq5D\nBc+kC0P2e6+UoDOZF3RseRsCgYEAxtuRUSVv2fw3/FIeF+mBDo0PyNy8VDLLAvbH\nix8vg2B06fGKllSYOVbpIjgB1H9qno/4dW1ViOKoBZIXAOKrsNXeupfduShY4JyG\nwspWQUffkIGDfDC95XGxHTL87bImdooeHaTYB9L3EXgR0qf4AWrDGqCmYSYX/ddy\nSWUUNn0CgYEAlp/4IrmhdiMJMj2ylAEWF5TJhKWu5bw9kxLNZIMObp6LOZN3gEcJ\nZTHMGn90ewMveA2yQ+7VKbW8+ITDP8j2LIZegEVt5rCDafkaRd3h2ox/lAjdHuMD\nktci764BAROK6QshBfTDl6VFUKoUZ8MvRSZ14XOus04cz6izlnoFYjY=\n-----END RSA PRIVATE KEY-----\n",
            "content_base64": null,
            "content_base64sha256": "kn23GN+Up19lskuL1+CCeyHI863YZDDiZeIWGw/dQNk=",
            "content_base64sha512": "HY7CLfF9fToVdiz1MhKdhRfZclYiPZ6xRfanrcuoFi+80rAe5Aq8byE+IYiD7eDqR5LhmGVWvOdemRUwJIAqaQ==",
            "content_md5": "cb7eb9b682aabe5f15f4acb85929ddf4",
            "content_sha1": "e45598de997273a4eb1cc1eaf12711ab33b7938d",
            "content_sha256": "927db718df94a75f65b24b8bd7e0827b21c8f3add86430e265e2161b0fdd40d9",
            "content_sha512": "1d8ec22df17d7d3a15762cf532129d8517d97256223d9eb145f6a7adcba8162fbcd2b01ee40abc6f213e218883ede0ea4792e1986556bce75e99153024802a69",
            "directory_permission": "0777",
            "file_permission": "0400",
            "filename": "ssh_key",
            "id": "e45598de997273a4eb1cc1eaf12711ab33b7938d",
            "sensitive_content": null,
            "source": null
          },
          "sensitive_attributes": [
            [
              {
                "type": "get_attr",
                "value": "content"
              }
            ]
          ],
          "dependencies": [
            "tls_private_key.private_key"
          ]
        }
      ]
    },
    {
      "mode": "managed",
      "type": "tls_private_key",
      "name": "private_key",
      "provider": "provider[\"registry.terraform.io/hashicorp/tls\"]",
      "instances": [
        {
          "schema_version": 1,
          "attributes": {
            "algorithm": "RSA",
            "ecdsa_curve": "P224",
            "id": "31788dd95d7e90d42197834c19265132144951a5",
            "private_key_openssh": "-----BEGIN OPENSSH PRIVATE KEY-----\nb3BlbnNzaC1rZXktdjEAAAAABG5vbmUAAAAEbm9uZQAAAAAAAAABAAABFwAAAAdz\nc2gtcnNhAAAAAwEAAQAAAQEAz3TAvZy6vo36w2ZDMucNWGmZ8XaYVxKlFnl48U09\nXDeIUyCUpP2lWY/rtydebRQ21HEVvWP/N8UZerHp+8f/hXnby4eKDCnww/pQOWwo\nTKD9ScRCrh1nH5xdR140APPoBit1qpC4NDkqX4Fa3t4mUCTSWzRNWyF4qwaNprno\nadShbIlttlFdY7boXm+R45MpdUFKUOZoJnuzpMRXhz3V8TbaqE5ps7jyUCtzLCwe\nS3lTXzq/mhcD1Eqz5iDdVxmcD2790zEjuoLzyJ1qKW0+xLJXAoQIEoUmFZzTdAXX\nkmOpa5HPV0jHMBkvQOCv34ookarUUjmM0b5to90fFzAqRQAAA7hZyzzPWcs8zwAA\nAAdzc2gtcnNhAAABAQDPdMC9nLq+jfrDZkMy5w1YaZnxdphXEqUWeXjxTT1cN4hT\nIJSk/aVZj+u3J15tFDbUcRW9Y/83xRl6sen7x/+FedvLh4oMKfDD+lA5bChMoP1J\nxEKuHWcfnF1HXjQA8+gGK3WqkLg0OSpfgVre3iZQJNJbNE1bIXirBo2muehp1KFs\niW22UV1jtuheb5Hjkyl1QUpQ5mgme7OkxFeHPdXxNtqoTmmzuPJQK3MsLB5LeVNf\nOr+aFwPUSrPmIN1XGZwPbv3TMSO6gvPInWopbT7EslcChAgShSYVnNN0BdeSY6lr\nkc9XSMcwGS9A4K/fiiiRqtRSOYzRvm2j3R8XMCpFAAAAAwEAAQAAAQAA6wFXVXQ2\nF6a+aptthDw44e6+dMnjyL9WRB9W4gKdf9lolMJToJO0u8BNRS1Tyj0b34w7FFAy\nzPp54oOoi5AD5TAlzGm9+AmKtHbaajIbdLLqOqYY4yRrrWN0R2RvhKTIMjUJFi7a\nfE5FserXBaChxifwI2EcQB+qkhLaZAQ1Q6uQ9tRJfVrxh6cVbMOC6NJhN/vaWma0\n9ozxuMBLKWt08RxqnvD9+BjmrJk3U8z0HHr26aFC7WpSWVkU3fWbAgtwXVQaoDFJ\nMWY8nC3akM9GvsW8pxM4WlVy/gucPSQN7xDyxqFGlvPRoOpCsgC9owKrnJXGGkl5\nMk1/GB7iH7GZAAAAgQCWn/giuaF2IwkyPbKUARYXlMmEpa7lvD2TEs1kgw5unos5\nk3eARwllMcwaf3R7Ay94DbJD7tUptbz4hMM/yPYshl6ARW3msINp+RpF3eHajH+U\nCN0e4wOS1yLvrgEBE4rpCyEF9MOXpUVQqhRnwy9FJnXhc66zThzPqLOWegViNgAA\nAIEA4dEn+bU0SJDGrNfJLjDXZj6b/TvagoA6rDwY5OoI4Q+b2Zmb049qfrC/gcfG\nAM9VelpZBtItqgSaOJjV6fDpIR88dFeIq9gSnaWuMoc5aw81lGdJMqTw6x/aF2hl\nUNLXGzlBol9sVKzf/8tq7NzTlP0BR8D1MgOQNViXYMK0tF8AAACBAOsvVcFn1FAR\n+IS5/BLF3CtX3p3/osu6VIgNIblPxvLL6wTTPKN2Uvri8/wM/bOhtzOYqRJUjjTx\nhpyoLkkOOOnN+aB5oXv1QSvBdsCvva1Cr4jaElbQ136k/jrpa01NkRK/7ULX4WIc\nLOy2jTYWWn+cYbSRNprR6MDFbl7Gu0PbAAAAAAEC\n-----END OPENSSH PRIVATE KEY-----\n",
            "private_key_pem": "-----BEGIN RSA PRIVATE KEY-----\nMIIEpQIBAAKCAQEAz3TAvZy6vo36w2ZDMucNWGmZ8XaYVxKlFnl48U09XDeIUyCU\npP2lWY/rtydebRQ21HEVvWP/N8UZerHp+8f/hXnby4eKDCnww/pQOWwoTKD9ScRC\nrh1nH5xdR140APPoBit1qpC4NDkqX4Fa3t4mUCTSWzRNWyF4qwaNprnoadShbIlt\ntlFdY7boXm+R45MpdUFKUOZoJnuzpMRXhz3V8TbaqE5ps7jyUCtzLCweS3lTXzq/\nmhcD1Eqz5iDdVxmcD2790zEjuoLzyJ1qKW0+xLJXAoQIEoUmFZzTdAXXkmOpa5HP\nV0jHMBkvQOCv34ookarUUjmM0b5to90fFzAqRQIDAQABAoIBAADrAVdVdDYXpr5q\nm22EPDjh7r50yePIv1ZEH1biAp1/2WiUwlOgk7S7wE1FLVPKPRvfjDsUUDLM+nni\ng6iLkAPlMCXMab34CYq0dtpqMht0suo6phjjJGutY3RHZG+EpMgyNQkWLtp8TkWx\n6tcFoKHGJ/AjYRxAH6qSEtpkBDVDq5D21El9WvGHpxVsw4Lo0mE3+9paZrT2jPG4\nwEspa3TxHGqe8P34GOasmTdTzPQcevbpoULtalJZWRTd9ZsCC3BdVBqgMUkxZjyc\nLdqQz0a+xbynEzhaVXL+C5w9JA3vEPLGoUaW89Gg6kKyAL2jAquclcYaSXkyTX8Y\nHuIfsZkCgYEA4dEn+bU0SJDGrNfJLjDXZj6b/TvagoA6rDwY5OoI4Q+b2Zmb049q\nfrC/gcfGAM9VelpZBtItqgSaOJjV6fDpIR88dFeIq9gSnaWuMoc5aw81lGdJMqTw\n6x/aF2hlUNLXGzlBol9sVKzf/8tq7NzTlP0BR8D1MgOQNViXYMK0tF8CgYEA6y9V\nwWfUUBH4hLn8EsXcK1fenf+iy7pUiA0huU/G8svrBNM8o3ZS+uLz/Az9s6G3M5ip\nElSONPGGnKguSQ446c35oHmhe/VBK8F2wK+9rUKviNoSVtDXfqT+OulrTU2REr/t\nQtfhYhws7LaNNhZaf5xhtJE2mtHowMVuXsa7Q9sCgYEAnQV2OaGx2F+rdtaZkt/t\nd7BDgaQT/jiyE7+6Q7slL3JOGdJBU6vfDndSwyip2zhQpMKcMy0FCbsnjgFghcq6\nIQj6XZ/cbjnSQALMDWCQIYyy4h2r/WZKDATa/vndsYTahJictg6KYprPK6xEDq5D\nBc+kC0P2e6+UoDOZF3RseRsCgYEAxtuRUSVv2fw3/FIeF+mBDo0PyNy8VDLLAvbH\nix8vg2B06fGKllSYOVbpIjgB1H9qno/4dW1ViOKoBZIXAOKrsNXeupfduShY4JyG\nwspWQUffkIGDfDC95XGxHTL87bImdooeHaTYB9L3EXgR0qf4AWrDGqCmYSYX/ddy\nSWUUNn0CgYEAlp/4IrmhdiMJMj2ylAEWF5TJhKWu5bw9kxLNZIMObp6LOZN3gEcJ\nZTHMGn90ewMveA2yQ+7VKbW8+ITDP8j2LIZegEVt5rCDafkaRd3h2ox/lAjdHuMD\nktci764BAROK6QshBfTDl6VFUKoUZ8MvRSZ14XOus04cz6izlnoFYjY=\n-----END RSA PRIVATE KEY-----\n",
            "private_key_pem_pkcs8": "-----BEGIN PRIVATE KEY-----\nMIIEvwIBADANBgkqhkiG9w0BAQEFAASCBKkwggSlAgEAAoIBAQDPdMC9nLq+jfrD\nZkMy5w1YaZnxdphXEqUWeXjxTT1cN4hTIJSk/aVZj+u3J15tFDbUcRW9Y/83xRl6\nsen7x/+FedvLh4oMKfDD+lA5bChMoP1JxEKuHWcfnF1HXjQA8+gGK3WqkLg0OSpf\ngVre3iZQJNJbNE1bIXirBo2muehp1KFsiW22UV1jtuheb5Hjkyl1QUpQ5mgme7Ok\nxFeHPdXxNtqoTmmzuPJQK3MsLB5LeVNfOr+aFwPUSrPmIN1XGZwPbv3TMSO6gvPI\nnWopbT7EslcChAgShSYVnNN0BdeSY6lrkc9XSMcwGS9A4K/fiiiRqtRSOYzRvm2j\n3R8XMCpFAgMBAAECggEAAOsBV1V0NhemvmqbbYQ8OOHuvnTJ48i/VkQfVuICnX/Z\naJTCU6CTtLvATUUtU8o9G9+MOxRQMsz6eeKDqIuQA+UwJcxpvfgJirR22moyG3Sy\n6jqmGOMka61jdEdkb4SkyDI1CRYu2nxORbHq1wWgocYn8CNhHEAfqpIS2mQENUOr\nkPbUSX1a8YenFWzDgujSYTf72lpmtPaM8bjASylrdPEcap7w/fgY5qyZN1PM9Bx6\n9umhQu1qUllZFN31mwILcF1UGqAxSTFmPJwt2pDPRr7FvKcTOFpVcv4LnD0kDe8Q\n8sahRpbz0aDqQrIAvaMCq5yVxhpJeTJNfxge4h+xmQKBgQDh0Sf5tTRIkMas18ku\nMNdmPpv9O9qCgDqsPBjk6gjhD5vZmZvTj2p+sL+Bx8YAz1V6WlkG0i2qBJo4mNXp\n8OkhHzx0V4ir2BKdpa4yhzlrDzWUZ0kypPDrH9oXaGVQ0tcbOUGiX2xUrN//y2rs\n3NOU/QFHwPUyA5A1WJdgwrS0XwKBgQDrL1XBZ9RQEfiEufwSxdwrV96d/6LLulSI\nDSG5T8byy+sE0zyjdlL64vP8DP2zobczmKkSVI408YacqC5JDjjpzfmgeaF79UEr\nwXbAr72tQq+I2hJW0Nd+pP466WtNTZESv+1C1+FiHCzsto02Flp/nGG0kTaa0ejA\nxW5exrtD2wKBgQCdBXY5obHYX6t21pmS3+13sEOBpBP+OLITv7pDuyUvck4Z0kFT\nq98Od1LDKKnbOFCkwpwzLQUJuyeOAWCFyrohCPpdn9xuOdJAAswNYJAhjLLiHav9\nZkoMBNr++d2xhNqEmJy2Dopims8rrEQOrkMFz6QLQ/Z7r5SgM5kXdGx5GwKBgQDG\n25FRJW/Z/Df8Uh4X6YEOjQ/I3LxUMssC9seLHy+DYHTp8YqWVJg5VukiOAHUf2qe\nj/h1bVWI4qgFkhcA4quw1d66l925KFjgnIbCylZBR9+QgYN8ML3lcbEdMvztsiZ2\nih4dpNgH0vcReBHSp/gBasMaoKZhJhf913JJZRQ2fQKBgQCWn/giuaF2IwkyPbKU\nARYXlMmEpa7lvD2TEs1kgw5unos5k3eARwllMcwaf3R7Ay94DbJD7tUptbz4hMM/\nyPYshl6ARW3msINp+RpF3eHajH+UCN0e4wOS1yLvrgEBE4rpCyEF9MOXpUVQqhRn\nwy9FJnXhc66zThzPqLOWegViNg==\n-----END PRIVATE KEY-----\n",
            "public_key_fingerprint_md5": "b9:69:0f:fe:e0:de:15:cb:e0:2a:a6:5e:b7:91:8a:ef",
            "public_key_fingerprint_sha256": "SHA256:v3FDrN3OlAQ69wy/oX939OtxKJmM59KwQHtb91ZeIkQ",
            "public_key_openssh": "ssh-rsa AAAAB3NzaC1yc2EAAAADAQABAAABAQDPdMC9nLq+jfrDZkMy5w1YaZnxdphXEqUWeXjxTT1cN4hTIJSk/aVZj+u3J15tFDbUcRW9Y/83xRl6sen7x/+FedvLh4oMKfDD+lA5bChMoP1JxEKuHWcfnF1HXjQA8+gGK3WqkLg0OSpfgVre3iZQJNJbNE1bIXirBo2muehp1KFsiW22UV1jtuheb5Hjkyl1QUpQ5mgme7OkxFeHPdXxNtqoTmmzuPJQK3MsLB5LeVNfOr+aFwPUSrPmIN1XGZwPbv3TMSO6gvPInWopbT7EslcChAgShSYVnNN0BdeSY6lrkc9XSMcwGS9A4K/fiiiRqtRSOYzRvm2j3R8XMCpF\n",
            "public_key_pem": "-----BEGIN PUBLIC KEY-----\nMIIBIjANBgkqhkiG9w0BAQEFAAOCAQ8AMIIBCgKCAQEAz3TAvZy6vo36w2ZDMucN\nWGmZ8XaYVxKlFnl48U09XDeIUyCUpP2lWY/rtydebRQ21HEVvWP/N8UZerHp+8f/\nhXnby4eKDCnww/pQOWwoTKD9ScRCrh1nH5xdR140APPoBit1qpC4NDkqX4Fa3t4m\nUCTSWzRNWyF4qwaNprnoadShbIlttlFdY7boXm+R45MpdUFKUOZoJnuzpMRXhz3V\n8TbaqE5ps7jyUCtzLCweS3lTXzq/mhcD1Eqz5iDdVxmcD2790zEjuoLzyJ1qKW0+\nxLJXAoQIEoUmFZzTdAXXkmOpa5HPV0jHMBkvQOCv34ookarUUjmM0b5to90fFzAq\nRQIDAQAB\n-----END PUBLIC KEY-----\n",
            "rsa_bits": 2048
          },
          "sensitive_attributes": []
        }
      ]
    },
    {
      "module": "module.aws_vpc",
      "mode": "managed",
      "type": "aws_eip",
      "name": "nat_eip",
      "provider": "provider[\"registry.terraform.io/hashicorp/aws\"]",
      "instances": [
        {
          "schema_version": 0,
          "attributes": {
            "address": null,
            "allocation_id": "eipalloc-0e32389218078aa40",
            "associate_with_private_ip": null,
            "association_id": "eipassoc-05723e3b4172100bc",
            "carrier_ip": "",
            "customer_owned_ip": "",
            "customer_owned_ipv4_pool": "",
            "domain": "vpc",
            "id": "eipalloc-0e32389218078aa40",
            "instance": "",
            "network_border_group": "us-east-1",
            "network_interface": "eni-0256cfcdd61cb0e44",
            "private_dns": "ip-10-10-1-199.ec2.internal",
            "private_ip": "10.10.1.199",
            "public_dns": "ec2-44-218-219-73.compute-1.amazonaws.com",
            "public_ip": "44.218.219.73",
            "public_ipv4_pool": "amazon",
            "tags": {
              "Name": "FCJ-nat-gw-eip"
            },
            "tags_all": {
              "Environment": "Development",
              "Name": "FCJ-nat-gw-eip",
              "Owner": "Dev"
            },
            "timeouts": null,
            "vpc": true
          },
          "sensitive_attributes": [],
          "private": "eyJlMmJmYjczMC1lY2FhLTExZTYtOGY4OC0zNDM2M2JjN2M0YzAiOnsiZGVsZXRlIjoxODAwMDAwMDAwMDAsInJlYWQiOjkwMDAwMDAwMDAwMCwidXBkYXRlIjozMDAwMDAwMDAwMDB9fQ==",
          "dependencies": [
            "module.aws_vpc.aws_internet_gateway.igw",
            "module.aws_vpc.aws_vpc.vpc"
          ]
        }
      ]
    },
    {
      "module": "module.aws_vpc",
      "mode": "managed",
      "type": "aws_internet_gateway",
      "name": "igw",
      "provider": "provider[\"registry.terraform.io/hashicorp/aws\"]",
      "instances": [
        {
          "schema_version": 0,
          "attributes": {
            "arn": "arn:aws:ec2:us-east-1:109450601735:internet-gateway/igw-0f9305a3dd757c2a1",
            "id": "igw-0f9305a3dd757c2a1",
            "owner_id": "109450601735",
            "tags": {
              "Name": "FCJ-igw"
            },
            "tags_all": {
              "Environment": "Development",
              "Name": "FCJ-igw",
              "Owner": "Dev"
            },
            "timeouts": null,
            "vpc_id": "vpc-0346cfb67e1ae1187"
          },
          "sensitive_attributes": [],
          "private": "eyJlMmJmYjczMC1lY2FhLTExZTYtOGY4OC0zNDM2M2JjN2M0YzAiOnsiY3JlYXRlIjoxMjAwMDAwMDAwMDAwLCJkZWxldGUiOjEyMDAwMDAwMDAwMDAsInVwZGF0ZSI6MTIwMDAwMDAwMDAwMH19",
          "dependencies": [
            "module.aws_vpc.aws_vpc.vpc"
          ]
        }
      ]
    },
    {
      "module": "module.aws_vpc",
      "mode": "managed",
      "type": "aws_nat_gateway",
      "name": "nat_gw",
      "provider": "provider[\"registry.terraform.io/hashicorp/aws\"]",
      "instances": [
        {
          "schema_version": 0,
          "attributes": {
            "allocation_id": "eipalloc-0e32389218078aa40",
            "association_id": "eipassoc-05723e3b4172100bc",
            "connectivity_type": "public",
            "id": "nat-0fd2331d2f90fdc08",
            "network_interface_id": "eni-0256cfcdd61cb0e44",
            "private_ip": "10.10.1.199",
            "public_ip": "44.218.219.73",
            "secondary_allocation_ids": [],
            "secondary_private_ip_address_count": 0,
            "secondary_private_ip_addresses": [],
            "subnet_id": "subnet-0d346119d610c6410",
            "tags": {
              "Name": "FCJ-nat-gw"
            },
            "tags_all": {
              "Environment": "Development",
              "Name": "FCJ-nat-gw",
              "Owner": "Dev"
            },
            "timeouts": null
          },
          "sensitive_attributes": [],
          "private": "eyJlMmJmYjczMC1lY2FhLTExZTYtOGY4OC0zNDM2M2JjN2M0YzAiOnsiY3JlYXRlIjo2MDAwMDAwMDAwMDAsImRlbGV0ZSI6MTgwMDAwMDAwMDAwMCwidXBkYXRlIjo2MDAwMDAwMDAwMDB9fQ==",
          "dependencies": [
            "module.aws_vpc.aws_eip.nat_eip",
            "module.aws_vpc.aws_internet_gateway.igw",
            "module.aws_vpc.aws_subnet.public_subnet",
            "module.aws_vpc.aws_vpc.vpc"
          ]
        }
      ]
    },
    {
      "module": "module.aws_vpc",
      "mode": "managed",
      "type": "aws_route_table",
      "name": "rtb_private",
      "provider": "provider[\"registry.terraform.io/hashicorp/aws\"]",
      "instances": [
        {
          "schema_version": 0,
          "attributes": {
            "arn": "arn:aws:ec2:us-east-1:109450601735:route-table/rtb-0dd31b0ea43fe234e",
            "id": "rtb-0dd31b0ea43fe234e",
            "owner_id": "109450601735",
            "propagating_vgws": [],
            "route": [
              {
                "carrier_gateway_id": "",
                "cidr_block": "0.0.0.0/0",
                "core_network_arn": "",
                "destination_prefix_list_id": "",
                "egress_only_gateway_id": "",
                "gateway_id": "",
                "ipv6_cidr_block": "",
                "local_gateway_id": "",
                "nat_gateway_id": "nat-0fd2331d2f90fdc08",
                "network_interface_id": "",
                "transit_gateway_id": "",
                "vpc_endpoint_id": "",
                "vpc_peering_connection_id": ""
              }
            ],
            "tags": {},
            "tags_all": {
              "Environment": "Development",
              "Owner": "Dev"
            },
            "timeouts": null,
            "vpc_id": "vpc-0346cfb67e1ae1187"
          },
          "sensitive_attributes": [],
          "private": "eyJlMmJmYjczMC1lY2FhLTExZTYtOGY4OC0zNDM2M2JjN2M0YzAiOnsiY3JlYXRlIjozMDAwMDAwMDAwMDAsImRlbGV0ZSI6MzAwMDAwMDAwMDAwLCJ1cGRhdGUiOjEyMDAwMDAwMDAwMH19",
          "dependencies": [
            "module.aws_vpc.aws_eip.nat_eip",
            "module.aws_vpc.aws_internet_gateway.igw",
            "module.aws_vpc.aws_nat_gateway.nat_gw",
            "module.aws_vpc.aws_subnet.public_subnet",
            "module.aws_vpc.aws_vpc.vpc"
          ]
        }
      ]
    },
    {
      "module": "module.aws_vpc",
      "mode": "managed",
      "type": "aws_route_table",
      "name": "rtb_public",
      "provider": "provider[\"registry.terraform.io/hashicorp/aws\"]",
      "instances": [
        {
          "schema_version": 0,
          "attributes": {
            "arn": "arn:aws:ec2:us-east-1:109450601735:route-table/rtb-0670ff44dc78597c8",
            "id": "rtb-0670ff44dc78597c8",
            "owner_id": "109450601735",
            "propagating_vgws": [],
            "route": [
              {
                "carrier_gateway_id": "",
                "cidr_block": "0.0.0.0/0",
                "core_network_arn": "",
                "destination_prefix_list_id": "",
                "egress_only_gateway_id": "",
                "gateway_id": "igw-0f9305a3dd757c2a1",
                "ipv6_cidr_block": "",
                "local_gateway_id": "",
                "nat_gateway_id": "",
                "network_interface_id": "",
                "transit_gateway_id": "",
                "vpc_endpoint_id": "",
                "vpc_peering_connection_id": ""
              }
            ],
            "tags": {
              "Name": "FCJ-public-rtb"
            },
            "tags_all": {
              "Environment": "Development",
              "Name": "FCJ-public-rtb",
              "Owner": "Dev"
            },
            "timeouts": null,
            "vpc_id": "vpc-0346cfb67e1ae1187"
          },
          "sensitive_attributes": [],
          "private": "eyJlMmJmYjczMC1lY2FhLTExZTYtOGY4OC0zNDM2M2JjN2M0YzAiOnsiY3JlYXRlIjozMDAwMDAwMDAwMDAsImRlbGV0ZSI6MzAwMDAwMDAwMDAwLCJ1cGRhdGUiOjEyMDAwMDAwMDAwMH19",
          "dependencies": [
            "module.aws_vpc.aws_internet_gateway.igw",
            "module.aws_vpc.aws_vpc.vpc"
          ]
        }
      ]
    },
    {
      "module": "module.aws_vpc",
      "mode": "managed",
      "type": "aws_route_table_association",
      "name": "private_subnet_association",
      "provider": "provider[\"registry.terraform.io/hashicorp/aws\"]",
      "instances": [
        {
          "index_key": "0",
          "schema_version": 0,
          "attributes": {
            "gateway_id": "",
            "id": "rtbassoc-0f4727ca5216b1724",
            "route_table_id": "rtb-0dd31b0ea43fe234e",
            "subnet_id": "subnet-0d8d9b247ec4c1255",
            "timeouts": null
          },
          "sensitive_attributes": [],
          "private": "eyJlMmJmYjczMC1lY2FhLTExZTYtOGY4OC0zNDM2M2JjN2M0YzAiOnsiY3JlYXRlIjozMDAwMDAwMDAwMDAsImRlbGV0ZSI6MzAwMDAwMDAwMDAwLCJ1cGRhdGUiOjEyMDAwMDAwMDAwMH19",
          "dependencies": [
            "module.aws_vpc.aws_eip.nat_eip",
            "module.aws_vpc.aws_internet_gateway.igw",
            "module.aws_vpc.aws_nat_gateway.nat_gw",
            "module.aws_vpc.aws_route_table.rtb_private",
            "module.aws_vpc.aws_subnet.private_subnet",
            "module.aws_vpc.aws_subnet.public_subnet",
            "module.aws_vpc.aws_vpc.vpc"
          ]
        },
        {
          "index_key": "1",
          "schema_version": 0,
          "attributes": {
            "gateway_id": "",
            "id": "rtbassoc-0c7b14f076781eb4c",
            "route_table_id": "rtb-0dd31b0ea43fe234e",
            "subnet_id": "subnet-0fc6287d10ceb5c5b",
            "timeouts": null
          },
          "sensitive_attributes": [],
          "private": "eyJlMmJmYjczMC1lY2FhLTExZTYtOGY4OC0zNDM2M2JjN2M0YzAiOnsiY3JlYXRlIjozMDAwMDAwMDAwMDAsImRlbGV0ZSI6MzAwMDAwMDAwMDAwLCJ1cGRhdGUiOjEyMDAwMDAwMDAwMH19",
          "dependencies": [
            "module.aws_vpc.aws_eip.nat_eip",
            "module.aws_vpc.aws_internet_gateway.igw",
            "module.aws_vpc.aws_nat_gateway.nat_gw",
            "module.aws_vpc.aws_route_table.rtb_private",
            "module.aws_vpc.aws_subnet.private_subnet",
            "module.aws_vpc.aws_subnet.public_subnet",
            "module.aws_vpc.aws_vpc.vpc"
          ]
        }
      ]
    },
    {
      "module": "module.aws_vpc",
      "mode": "managed",
      "type": "aws_route_table_association",
      "name": "public_subnet_association",
      "provider": "provider[\"registry.terraform.io/hashicorp/aws\"]",
      "instances": [
        {
          "index_key": "0",
          "schema_version": 0,
          "attributes": {
            "gateway_id": "",
            "id": "rtbassoc-0be82f4d5d331c7bb",
            "route_table_id": "rtb-0670ff44dc78597c8",
            "subnet_id": "subnet-07ad57e4098f5a4e3",
            "timeouts": null
          },
          "sensitive_attributes": [],
          "private": "eyJlMmJmYjczMC1lY2FhLTExZTYtOGY4OC0zNDM2M2JjN2M0YzAiOnsiY3JlYXRlIjozMDAwMDAwMDAwMDAsImRlbGV0ZSI6MzAwMDAwMDAwMDAwLCJ1cGRhdGUiOjEyMDAwMDAwMDAwMH19",
          "dependencies": [
            "module.aws_vpc.aws_internet_gateway.igw",
            "module.aws_vpc.aws_route_table.rtb_public",
            "module.aws_vpc.aws_subnet.public_subnet",
            "module.aws_vpc.aws_vpc.vpc"
          ]
        },
        {
          "index_key": "1",
          "schema_version": 0,
          "attributes": {
            "gateway_id": "",
            "id": "rtbassoc-025729f9ca2b84121",
            "route_table_id": "rtb-0670ff44dc78597c8",
            "subnet_id": "subnet-0d346119d610c6410",
            "timeouts": null
          },
          "sensitive_attributes": [],
          "private": "eyJlMmJmYjczMC1lY2FhLTExZTYtOGY4OC0zNDM2M2JjN2M0YzAiOnsiY3JlYXRlIjozMDAwMDAwMDAwMDAsImRlbGV0ZSI6MzAwMDAwMDAwMDAwLCJ1cGRhdGUiOjEyMDAwMDAwMDAwMH19",
          "dependencies": [
            "module.aws_vpc.aws_internet_gateway.igw",
            "module.aws_vpc.aws_route_table.rtb_public",
            "module.aws_vpc.aws_subnet.public_subnet",
            "module.aws_vpc.aws_vpc.vpc"
          ]
        }
      ]
    },
    {
      "module": "module.aws_vpc",
      "mode": "managed",
      "type": "aws_security_group",
      "name": "private_sg",
      "provider": "provider[\"registry.terraform.io/hashicorp/aws\"]",
      "instances": [
        {
          "schema_version": 1,
          "attributes": {
            "arn": "arn:aws:ec2:us-east-1:109450601735:security-group/sg-0919a9063ca2cbb8d",
            "description": "Managed by Terraform",
            "egress": [
              {
                "cidr_blocks": [
                  "0.0.0.0/0"
                ],
                "description": "",
                "from_port": 0,
                "ipv6_cidr_blocks": [],
                "prefix_list_ids": [],
                "protocol": "-1",
                "security_groups": [],
                "self": false,
                "to_port": 0
              }
            ],
            "id": "sg-0919a9063ca2cbb8d",
            "ingress": [
              {
                "cidr_blocks": [
                  "0.0.0.0/0"
                ],
                "description": "",
                "from_port": 0,
                "ipv6_cidr_blocks": [],
                "prefix_list_ids": [],
                "protocol": "tcp",
                "security_groups": [],
                "self": false,
                "to_port": 0
              },
              {
                "cidr_blocks": [],
                "description": "",
                "from_port": 22,
                "ipv6_cidr_blocks": [],
                "prefix_list_ids": [],
                "protocol": "tcp",
                "security_groups": [
                  "sg-094beb3d4d88f5443"
                ],
                "self": false,
                "to_port": 22
              }
            ],
            "name": "FCJ-private-sg",
            "name_prefix": "",
            "owner_id": "109450601735",
            "revoke_rules_on_delete": false,
            "tags": {
              "Name": "FCJ-private-sg"
            },
            "tags_all": {
              "Environment": "Development",
              "Name": "FCJ-private-sg",
              "Owner": "Dev"
            },
            "timeouts": null,
            "vpc_id": "vpc-0346cfb67e1ae1187"
          },
          "sensitive_attributes": [],
          "private": "eyJlMmJmYjczMC1lY2FhLTExZTYtOGY4OC0zNDM2M2JjN2M0YzAiOnsiY3JlYXRlIjo2MDAwMDAwMDAwMDAsImRlbGV0ZSI6OTAwMDAwMDAwMDAwfSwic2NoZW1hX3ZlcnNpb24iOiIxIn0=",
          "dependencies": [
            "module.aws_vpc.aws_security_group.public_sg",
            "module.aws_vpc.aws_vpc.vpc"
          ]
        }
      ]
    },
    {
      "module": "module.aws_vpc",
      "mode": "managed",
      "type": "aws_security_group",
      "name": "public_sg",
      "provider": "provider[\"registry.terraform.io/hashicorp/aws\"]",
      "instances": [
        {
          "schema_version": 1,
          "attributes": {
            "arn": "arn:aws:ec2:us-east-1:109450601735:security-group/sg-094beb3d4d88f5443",
            "description": "Managed by Terraform",
            "egress": [
              {
                "cidr_blocks": [
                  "0.0.0.0/0"
                ],
                "description": "",
                "from_port": 0,
                "ipv6_cidr_blocks": [],
                "prefix_list_ids": [],
                "protocol": "-1",
                "security_groups": [],
                "self": false,
                "to_port": 0
              }
            ],
            "id": "sg-094beb3d4d88f5443",
            "ingress": [
              {
                "cidr_blocks": [
                  "0.0.0.0/0"
                ],
                "description": "",
                "from_port": 0,
                "ipv6_cidr_blocks": [],
                "prefix_list_ids": [],
                "protocol": "tcp",
                "security_groups": [],
                "self": false,
                "to_port": 0
              },
              {
                "cidr_blocks": [
                  "0.0.0.0/0"
                ],
                "description": "",
                "from_port": 22,
                "ipv6_cidr_blocks": [],
                "prefix_list_ids": [],
                "protocol": "tcp",
                "security_groups": [],
                "self": false,
                "to_port": 22
              }
            ],
            "name": "FCJ-public-sg",
            "name_prefix": "",
            "owner_id": "109450601735",
            "revoke_rules_on_delete": false,
            "tags": {
              "Name": "FCJ-public-sg"
            },
            "tags_all": {
              "Environment": "Development",
              "Name": "FCJ-public-sg",
              "Owner": "Dev"
            },
            "timeouts": null,
            "vpc_id": "vpc-0346cfb67e1ae1187"
          },
          "sensitive_attributes": [],
          "private": "eyJlMmJmYjczMC1lY2FhLTExZTYtOGY4OC0zNDM2M2JjN2M0YzAiOnsiY3JlYXRlIjo2MDAwMDAwMDAwMDAsImRlbGV0ZSI6OTAwMDAwMDAwMDAwfSwic2NoZW1hX3ZlcnNpb24iOiIxIn0=",
          "dependencies": [
            "module.aws_vpc.aws_vpc.vpc"
          ]
        }
      ]
    },
    {
      "module": "module.aws_vpc",
      "mode": "managed",
      "type": "aws_subnet",
      "name": "private_subnet",
      "provider": "provider[\"registry.terraform.io/hashicorp/aws\"]",
      "instances": [
        {
          "index_key": 0,
          "schema_version": 1,
          "attributes": {
            "arn": "arn:aws:ec2:us-east-1:109450601735:subnet/subnet-0d8d9b247ec4c1255",
            "assign_ipv6_address_on_creation": false,
            "availability_zone": "us-east-1a",
            "availability_zone_id": "use1-az1",
            "cidr_block": "10.10.2.0/24",
            "customer_owned_ipv4_pool": "",
            "enable_dns64": false,
            "enable_lni_at_device_index": 0,
            "enable_resource_name_dns_a_record_on_launch": false,
            "enable_resource_name_dns_aaaa_record_on_launch": false,
            "id": "subnet-0d8d9b247ec4c1255",
            "ipv6_cidr_block": "",
            "ipv6_cidr_block_association_id": "",
            "ipv6_native": false,
            "map_customer_owned_ip_on_launch": false,
            "map_public_ip_on_launch": false,
            "outpost_arn": "",
            "owner_id": "109450601735",
            "private_dns_hostname_type_on_launch": "ip-name",
            "tags": {
              "Name": "FCJ-private-subnet-0}"
            },
            "tags_all": {
              "Environment": "Development",
              "Name": "FCJ-private-subnet-0}",
              "Owner": "Dev"
            },
            "timeouts": null,
            "vpc_id": "vpc-0346cfb67e1ae1187"
          },
          "sensitive_attributes": [],
          "private": "eyJlMmJmYjczMC1lY2FhLTExZTYtOGY4OC0zNDM2M2JjN2M0YzAiOnsiY3JlYXRlIjo2MDAwMDAwMDAwMDAsImRlbGV0ZSI6MTIwMDAwMDAwMDAwMH0sInNjaGVtYV92ZXJzaW9uIjoiMSJ9",
          "dependencies": [
            "module.aws_vpc.aws_vpc.vpc"
          ]
        },
        {
          "index_key": 1,
          "schema_version": 1,
          "attributes": {
            "arn": "arn:aws:ec2:us-east-1:109450601735:subnet/subnet-0fc6287d10ceb5c5b",
            "assign_ipv6_address_on_creation": false,
            "availability_zone": "us-east-1b",
            "availability_zone_id": "use1-az2",
            "cidr_block": "10.10.3.0/24",
            "customer_owned_ipv4_pool": "",
            "enable_dns64": false,
            "enable_lni_at_device_index": 0,
            "enable_resource_name_dns_a_record_on_launch": false,
            "enable_resource_name_dns_aaaa_record_on_launch": false,
            "id": "subnet-0fc6287d10ceb5c5b",
            "ipv6_cidr_block": "",
            "ipv6_cidr_block_association_id": "",
            "ipv6_native": false,
            "map_customer_owned_ip_on_launch": false,
            "map_public_ip_on_launch": false,
            "outpost_arn": "",
            "owner_id": "109450601735",
            "private_dns_hostname_type_on_launch": "ip-name",
            "tags": {
              "Name": "FCJ-private-subnet-1}"
            },
            "tags_all": {
              "Environment": "Development",
              "Name": "FCJ-private-subnet-1}",
              "Owner": "Dev"
            },
            "timeouts": null,
            "vpc_id": "vpc-0346cfb67e1ae1187"
          },
          "sensitive_attributes": [],
          "private": "eyJlMmJmYjczMC1lY2FhLTExZTYtOGY4OC0zNDM2M2JjN2M0YzAiOnsiY3JlYXRlIjo2MDAwMDAwMDAwMDAsImRlbGV0ZSI6MTIwMDAwMDAwMDAwMH0sInNjaGVtYV92ZXJzaW9uIjoiMSJ9",
          "dependencies": [
            "module.aws_vpc.aws_vpc.vpc"
          ]
        }
      ]
    },
    {
      "module": "module.aws_vpc",
      "mode": "managed",
      "type": "aws_subnet",
      "name": "public_subnet",
      "provider": "provider[\"registry.terraform.io/hashicorp/aws\"]",
      "instances": [
        {
          "index_key": 0,
          "schema_version": 1,
          "attributes": {
            "arn": "arn:aws:ec2:us-east-1:109450601735:subnet/subnet-07ad57e4098f5a4e3",
            "assign_ipv6_address_on_creation": false,
            "availability_zone": "us-east-1a",
            "availability_zone_id": "use1-az1",
            "cidr_block": "10.10.0.0/24",
            "customer_owned_ipv4_pool": "",
            "enable_dns64": false,
            "enable_lni_at_device_index": 0,
            "enable_resource_name_dns_a_record_on_launch": false,
            "enable_resource_name_dns_aaaa_record_on_launch": false,
            "id": "subnet-07ad57e4098f5a4e3",
            "ipv6_cidr_block": "",
            "ipv6_cidr_block_association_id": "",
            "ipv6_native": false,
            "map_customer_owned_ip_on_launch": false,
            "map_public_ip_on_launch": false,
            "outpost_arn": "",
            "owner_id": "109450601735",
            "private_dns_hostname_type_on_launch": "ip-name",
            "tags": {
              "Name": "FCJ-public-subnet-0"
            },
            "tags_all": {
              "Environment": "Development",
              "Name": "FCJ-public-subnet-0",
              "Owner": "Dev"
            },
            "timeouts": null,
            "vpc_id": "vpc-0346cfb67e1ae1187"
          },
          "sensitive_attributes": [],
          "private": "eyJlMmJmYjczMC1lY2FhLTExZTYtOGY4OC0zNDM2M2JjN2M0YzAiOnsiY3JlYXRlIjo2MDAwMDAwMDAwMDAsImRlbGV0ZSI6MTIwMDAwMDAwMDAwMH0sInNjaGVtYV92ZXJzaW9uIjoiMSJ9",
          "dependencies": [
            "module.aws_vpc.aws_vpc.vpc"
          ]
        },
        {
          "index_key": 1,
          "schema_version": 1,
          "attributes": {
            "arn": "arn:aws:ec2:us-east-1:109450601735:subnet/subnet-0d346119d610c6410",
            "assign_ipv6_address_on_creation": false,
            "availability_zone": "us-east-1b",
            "availability_zone_id": "use1-az2",
            "cidr_block": "10.10.1.0/24",
            "customer_owned_ipv4_pool": "",
            "enable_dns64": false,
            "enable_lni_at_device_index": 0,
            "enable_resource_name_dns_a_record_on_launch": false,
            "enable_resource_name_dns_aaaa_record_on_launch": false,
            "id": "subnet-0d346119d610c6410",
            "ipv6_cidr_block": "",
            "ipv6_cidr_block_association_id": "",
            "ipv6_native": false,
            "map_customer_owned_ip_on_launch": false,
            "map_public_ip_on_launch": false,
            "outpost_arn": "",
            "owner_id": "109450601735",
            "private_dns_hostname_type_on_launch": "ip-name",
            "tags": {
              "Name": "FCJ-public-subnet-1"
            },
            "tags_all": {
              "Environment": "Development",
              "Name": "FCJ-public-subnet-1",
              "Owner": "Dev"
            },
            "timeouts": null,
            "vpc_id": "vpc-0346cfb67e1ae1187"
          },
          "sensitive_attributes": [],
          "private": "eyJlMmJmYjczMC1lY2FhLTExZTYtOGY4OC0zNDM2M2JjN2M0YzAiOnsiY3JlYXRlIjo2MDAwMDAwMDAwMDAsImRlbGV0ZSI6MTIwMDAwMDAwMDAwMH0sInNjaGVtYV92ZXJzaW9uIjoiMSJ9",
          "dependencies": [
            "module.aws_vpc.aws_vpc.vpc"
          ]
        }
      ]
    },
    {
      "module": "module.aws_vpc",
      "mode": "managed",
      "type": "aws_vpc",
      "name": "vpc",
      "provider": "provider[\"registry.terraform.io/hashicorp/aws\"]",
      "instances": [
        {
          "schema_version": 1,
          "attributes": {
            "arn": "arn:aws:ec2:us-east-1:109450601735:vpc/vpc-0346cfb67e1ae1187",
            "assign_generated_ipv6_cidr_block": false,
            "cidr_block": "10.10.0.0/16",
            "default_network_acl_id": "acl-0cece0a8d547a253a",
            "default_route_table_id": "rtb-0d11ee03e4b214d52",
            "default_security_group_id": "sg-000c46e7513c6ed04",
            "dhcp_options_id": "dopt-05023575e2d064ecb",
            "enable_dns_hostnames": true,
            "enable_dns_support": true,
            "enable_network_address_usage_metrics": false,
            "id": "vpc-0346cfb67e1ae1187",
            "instance_tenancy": "default",
            "ipv4_ipam_pool_id": null,
            "ipv4_netmask_length": null,
            "ipv6_association_id": "",
            "ipv6_cidr_block": "",
            "ipv6_cidr_block_network_border_group": "",
            "ipv6_ipam_pool_id": "",
            "ipv6_netmask_length": 0,
            "main_route_table_id": "rtb-0d11ee03e4b214d52",
            "owner_id": "109450601735",
            "tags": {
              "Name": "FCJ-vpc"
            },
            "tags_all": {
              "Environment": "Development",
              "Name": "FCJ-vpc",
              "Owner": "Dev"
            }
          },
          "sensitive_attributes": [],
          "private": "eyJzY2hlbWFfdmVyc2lvbiI6IjEifQ=="
        }
      ]
    }
  ],
  "check_results": null
}
