{
  "version": 4,
  "terraform_version": "1.7.4",
  "serial": 184,
  "lineage": "deb42f61-86db-0946-ea01-334e6878080d",
  "outputs": {},
  "resources": [
    {
      "mode": "data",
      "type": "aws_ami",
      "name": "ami_amazon_linux",
      "provider": "provider[\"registry.terraform.io/hashicorp/aws\"]",
      "instances": [
        {
          "schema_version": 0,
          "attributes": {
            "architecture": "x86_64",
            "arn": "arn:aws:ec2:us-east-1::image/ami-0440d3b780d96b29d",
            "block_device_mappings": [
              {
                "device_name": "/dev/xvda",
                "ebs": {
                  "delete_on_termination": "true",
                  "encrypted": "false",
                  "iops": "3000",
                  "snapshot_id": "snap-0fc9d6b92707fe1b2",
                  "throughput": "125",
                  "volume_size": "8",
                  "volume_type": "gp3"
                },
                "no_device": "",
                "virtual_name": ""
              }
            ],
            "boot_mode": "uefi-preferred",
            "creation_date": "2024-02-16T21:29:42.000Z",
            "deprecation_time": "2024-05-16T21:30:00.000Z",
            "description": "Amazon Linux 2023 AMI 2023.3.20240219.0 x86_64 HVM kernel-6.1",
            "ena_support": true,
            "executable_users": null,
            "filter": [
              {
                "name": "name",
                "values": [
                  "al2023-ami-2023.3.20240219.0-kernel-6.1-x86_64"
                ]
              },
              {
                "name": "virtualization-type",
                "values": [
                  "hvm"
                ]
              }
            ],
            "hypervisor": "xen",
            "id": "ami-0440d3b780d96b29d",
            "image_id": "ami-0440d3b780d96b29d",
            "image_location": "amazon/al2023-ami-2023.3.20240219.0-kernel-6.1-x86_64",
            "image_owner_alias": "amazon",
            "image_type": "machine",
            "imds_support": "v2.0",
            "include_deprecated": false,
            "kernel_id": "",
            "most_recent": true,
            "name": "al2023-ami-2023.3.20240219.0-kernel-6.1-x86_64",
            "name_regex": null,
            "owner_id": "137112412989",
            "owners": [
              "amazon"
            ],
            "platform": "",
            "platform_details": "Linux/UNIX",
            "product_codes": [],
            "public": true,
            "ramdisk_id": "",
            "root_device_name": "/dev/xvda",
            "root_device_type": "ebs",
            "root_snapshot_id": "snap-0fc9d6b92707fe1b2",
            "sriov_net_support": "simple",
            "state": "available",
            "state_reason": {
              "code": "UNSET",
              "message": "UNSET"
            },
            "tags": {},
            "timeouts": null,
            "tpm_support": "",
            "usage_operation": "RunInstances",
            "virtualization_type": "hvm"
          },
          "sensitive_attributes": []
        }
      ]
    },
    {
      "mode": "managed",
      "type": "aws_instance",
      "name": "private_instance",
      "provider": "provider[\"registry.terraform.io/hashicorp/aws\"]",
      "instances": [
        {
          "schema_version": 1,
          "attributes": {
            "ami": "ami-0440d3b780d96b29d",
            "arn": "arn:aws:ec2:us-east-1:109450601735:instance/i-02678b9f9749207bf",
            "associate_public_ip_address": false,
            "availability_zone": "us-east-1b",
            "capacity_reservation_specification": [
              {
                "capacity_reservation_preference": "open",
                "capacity_reservation_target": []
              }
            ],
            "cpu_core_count": 1,
            "cpu_options": [
              {
                "amd_sev_snp": "",
                "core_count": 1,
                "threads_per_core": 1
              }
            ],
            "cpu_threads_per_core": 1,
            "credit_specification": [
              {
                "cpu_credits": "standard"
              }
            ],
            "disable_api_stop": false,
            "disable_api_termination": false,
            "ebs_block_device": [],
            "ebs_optimized": false,
            "enclave_options": [
              {
                "enabled": false
              }
            ],
            "ephemeral_block_device": [],
            "get_password_data": false,
            "hibernation": false,
            "host_id": "",
            "host_resource_group_arn": null,
            "iam_instance_profile": "",
            "id": "i-02678b9f9749207bf",
            "instance_initiated_shutdown_behavior": "stop",
            "instance_lifecycle": "",
            "instance_market_options": [],
            "instance_state": "running",
            "instance_type": "t2.micro",
            "ipv6_address_count": 0,
            "ipv6_addresses": [],
            "key_name": "ssh_key",
            "launch_template": [],
            "maintenance_options": [
              {
                "auto_recovery": "default"
              }
            ],
            "metadata_options": [
              {
                "http_endpoint": "enabled",
                "http_protocol_ipv6": "disabled",
                "http_put_response_hop_limit": 2,
                "http_tokens": "required",
                "instance_metadata_tags": "disabled"
              }
            ],
            "monitoring": false,
            "network_interface": [],
            "outpost_arn": "",
            "password_data": "",
            "placement_group": "",
            "placement_partition_number": 0,
            "primary_network_interface_id": "eni-004dcb520fc698988",
            "private_dns": "ip-10-10-3-189.ec2.internal",
            "private_dns_name_options": [
              {
                "enable_resource_name_dns_a_record": false,
                "enable_resource_name_dns_aaaa_record": false,
                "hostname_type": "ip-name"
              }
            ],
            "private_ip": "10.10.3.189",
            "public_dns": "",
            "public_ip": "",
            "root_block_device": [
              {
                "delete_on_termination": true,
                "device_name": "/dev/xvda",
                "encrypted": false,
                "iops": 3000,
                "kms_key_id": "",
                "tags": {},
                "throughput": 125,
                "volume_id": "vol-0cc1edf397cf11a7f",
                "volume_size": 8,
                "volume_type": "gp3"
              }
            ],
            "secondary_private_ips": [],
            "security_groups": [
              "sg-0713c53e250b27e0b"
            ],
            "source_dest_check": true,
            "spot_instance_request_id": "",
            "subnet_id": "subnet-0c6bd4cec31457c0d",
            "tags": {
              "Name": "fcj-private-instance"
            },
            "tags_all": {
              "Environment": "Development",
              "Name": "fcj-private-instance",
              "Owner": "Dev"
            },
            "tenancy": "default",
            "timeouts": null,
            "user_data": null,
            "user_data_base64": null,
            "user_data_replace_on_change": false,
            "volume_tags": null,
            "vpc_security_group_ids": [
              "sg-0713c53e250b27e0b"
            ]
          },
          "sensitive_attributes": [],
          "private": "eyJlMmJmYjczMC1lY2FhLTExZTYtOGY4OC0zNDM2M2JjN2M0YzAiOnsiY3JlYXRlIjo2MDAwMDAwMDAwMDAsImRlbGV0ZSI6MTIwMDAwMDAwMDAwMCwidXBkYXRlIjo2MDAwMDAwMDAwMDB9LCJzY2hlbWFfdmVyc2lvbiI6IjEifQ==",
          "dependencies": [
            "aws_key_pair.key_pair",
            "data.aws_ami.ami_amazon_linux",
            "module.aws_vpc.aws_security_group.private_sg",
            "module.aws_vpc.aws_security_group.public_sg",
            "module.aws_vpc.aws_subnet.private_subnet",
            "module.aws_vpc.aws_vpc.vpc",
            "tls_private_key.private_key"
          ]
        }
      ]
    },
    {
      "mode": "managed",
      "type": "aws_instance",
      "name": "public_instance",
      "provider": "provider[\"registry.terraform.io/hashicorp/aws\"]",
      "instances": [
        {
          "status": "tainted",
          "schema_version": 1,
          "attributes": {
            "ami": "ami-0440d3b780d96b29d",
            "arn": "arn:aws:ec2:us-east-1:109450601735:instance/i-0edcc1305f72262cc",
            "associate_public_ip_address": true,
            "availability_zone": "us-east-1a",
            "capacity_reservation_specification": [
              {
                "capacity_reservation_preference": "open",
                "capacity_reservation_target": []
              }
            ],
            "cpu_core_count": 1,
            "cpu_options": [
              {
                "amd_sev_snp": "",
                "core_count": 1,
                "threads_per_core": 1
              }
            ],
            "cpu_threads_per_core": 1,
            "credit_specification": [
              {
                "cpu_credits": "standard"
              }
            ],
            "disable_api_stop": false,
            "disable_api_termination": false,
            "ebs_block_device": [],
            "ebs_optimized": false,
            "enclave_options": [
              {
                "enabled": false
              }
            ],
            "ephemeral_block_device": [],
            "get_password_data": false,
            "hibernation": false,
            "host_id": "",
            "host_resource_group_arn": null,
            "iam_instance_profile": "",
            "id": "i-0edcc1305f72262cc",
            "instance_initiated_shutdown_behavior": "stop",
            "instance_lifecycle": "",
            "instance_market_options": [],
            "instance_state": "running",
            "instance_type": "t2.micro",
            "ipv6_address_count": 0,
            "ipv6_addresses": [],
            "key_name": "ssh_key",
            "launch_template": [],
            "maintenance_options": [
              {
                "auto_recovery": "default"
              }
            ],
            "metadata_options": [
              {
                "http_endpoint": "enabled",
                "http_protocol_ipv6": "disabled",
                "http_put_response_hop_limit": 2,
                "http_tokens": "required",
                "instance_metadata_tags": "disabled"
              }
            ],
            "monitoring": false,
            "network_interface": [],
            "outpost_arn": "",
            "password_data": "",
            "placement_group": "",
            "placement_partition_number": 0,
            "primary_network_interface_id": "eni-03de94bea5a0d718f",
            "private_dns": "ip-10-10-0-227.ec2.internal",
            "private_dns_name_options": [
              {
                "enable_resource_name_dns_a_record": false,
                "enable_resource_name_dns_aaaa_record": false,
                "hostname_type": "ip-name"
              }
            ],
            "private_ip": "10.10.0.227",
            "public_dns": "ec2-44-193-223-64.compute-1.amazonaws.com",
            "public_ip": "44.193.223.64",
            "root_block_device": [
              {
                "delete_on_termination": true,
                "device_name": "/dev/xvda",
                "encrypted": false,
                "iops": 3000,
                "kms_key_id": "",
                "tags": {},
                "throughput": 125,
                "volume_id": "vol-0d206274dbeef8ac2",
                "volume_size": 8,
                "volume_type": "gp3"
              }
            ],
            "secondary_private_ips": [],
            "security_groups": [
              "sg-098c7203b60852614"
            ],
            "source_dest_check": true,
            "spot_instance_request_id": "",
            "subnet_id": "subnet-0ad488e80f2f863f2",
            "tags": {
              "Name": "fcj-public-instance"
            },
            "tags_all": {
              "Environment": "Development",
              "Name": "fcj-public-instance",
              "Owner": "Dev"
            },
            "tenancy": "default",
            "timeouts": null,
            "user_data": null,
            "user_data_base64": null,
            "user_data_replace_on_change": false,
            "volume_tags": null,
            "vpc_security_group_ids": [
              "sg-098c7203b60852614"
            ]
          },
          "sensitive_attributes": [],
          "private": "eyJlMmJmYjczMC1lY2FhLTExZTYtOGY4OC0zNDM2M2JjN2M0YzAiOnsiY3JlYXRlIjo2MDAwMDAwMDAwMDAsImRlbGV0ZSI6MTIwMDAwMDAwMDAwMCwidXBkYXRlIjo2MDAwMDAwMDAwMDB9LCJzY2hlbWFfdmVyc2lvbiI6IjEifQ==",
          "dependencies": [
            "aws_key_pair.key_pair",
            "data.aws_ami.ami_amazon_linux",
            "module.aws_vpc.aws_security_group.public_sg",
            "module.aws_vpc.aws_subnet.public_subnet",
            "module.aws_vpc.aws_vpc.vpc",
            "tls_private_key.private_key"
          ]
        }
      ]
    },
    {
      "mode": "managed",
      "type": "aws_key_pair",
      "name": "key_pair",
      "provider": "provider[\"registry.terraform.io/hashicorp/aws\"]",
      "instances": [
        {
          "schema_version": 1,
          "attributes": {
            "arn": "arn:aws:ec2:us-east-1:109450601735:key-pair/ssh_key",
            "fingerprint": "47:d3:f0:5a:78:5a:92:51:16:4d:ea:6a:d3:d0:c9:e0",
            "id": "ssh_key",
            "key_name": "ssh_key",
            "key_name_prefix": "",
            "key_pair_id": "key-04d65105762ef54a9",
            "key_type": "rsa",
            "public_key": "ssh-rsa AAAAB3NzaC1yc2EAAAADAQABAAABAQDJoB+Z8HWZIcF0d7cK+y6q1gYPXfCUD9FeKpahPj+eYNTIgHtJ85HGinIoO9cnr0OBVscpGlQQiF9FMevtRVn5aVYMrYB0CbNfyjfOvXpH8uLaI9OJ6lmvpiywHdvWz0AwhWAQH0nvDDdKYzzk3WcIcQ7yprCO9cGgn/UL+oD+nHgcmt2jdp4+WmbQ/GcdkL4OsGkMD7KtDyIjxWumBX7RykySbm616qjEv+V7SJjJSZXoGNGmu6zUTh/6poPVT0VKqcSCh0cocb4mFq+pDTPh971os6ysM3XpjsOPYX84fbJ7Li3d8/S8I97/1WGJklOx7Ev/U9AjM5yZBOwghE25",
            "tags": {
              "Name": "fcj-key-pair"
            },
            "tags_all": {
              "Environment": "Development",
              "Name": "fcj-key-pair",
              "Owner": "Dev"
            }
          },
          "sensitive_attributes": [],
          "private": "eyJzY2hlbWFfdmVyc2lvbiI6IjEifQ==",
          "dependencies": [
            "tls_private_key.private_key"
          ]
        }
      ]
    },
    {
      "mode": "managed",
      "type": "local_file",
      "name": "save_key",
      "provider": "provider[\"registry.terraform.io/hashicorp/local\"]",
      "instances": [
        {
          "schema_version": 0,
          "attributes": {
            "content": "-----BEGIN RSA PRIVATE KEY-----\nMIIEpQIBAAKCAQEAyaAfmfB1mSHBdHe3CvsuqtYGD13wlA/RXiqWoT4/nmDUyIB7\nSfORxopyKDvXJ69DgVbHKRpUEIhfRTHr7UVZ+WlWDK2AdAmzX8o3zr16R/Li2iPT\niepZr6YssB3b1s9AMIVgEB9J7ww3SmM85N1nCHEO8qawjvXBoJ/1C/qA/px4HJrd\no3aePlpm0PxnHZC+DrBpDA+yrQ8iI8VrpgV+0cpMkm5uteqoxL/le0iYyUmV6BjR\nprus1E4f+qaD1U9FSqnEgodHKHG+JhavqQ0z4fe9aLOsrDN16Y7Dj2F/OH2yey4t\n3fP0vCPe/9VhiZJTsexL/1PQIzOcmQTsIIRNuQIDAQABAoIBAQC1FjBrxTEJqOyk\nW0U2AqVGYFUvBhMmGBLV/XAuP8dJyvQxZFvW7oD2DbA7/IrgJKR/jN3xR6lK9ACF\nGDIqd4g43uefGVFuZqwJE4kOENW7uyUOAPFkQ+vrO1eVkiu5gYjIS3Ic6M0xewpJ\nsFmnwEZiqZBgVV/r9kPCrQeci4/BnFRDRHpfH/5ZTRY7MZF8h0MV4k54rY4bnhX+\nJqhkTPei+KHH1lw72kdTT248GMCqnHvfnaAbDYvxdbxJXqSXwZxkkVJY1ioNUZOO\nOnhDAiJPSEHElqy1EMu3KFr7+4RKnsXQCNPK4GwP/6msMKsZrbxMXqnkb2MmCgRO\npOtjBCQRAoGBANpU20pCeGlQw0Jxl7cyX8K6s2KSUt/4sszvcWiUXq+MlA2FIVVU\nOv2KBtp7WpX0wHRGDFzGAeXvAj+GHTFh75kfp6Rhj0bAOy3+7x7MizGW9/vXIZPc\nMZ8m1FrmMzhoigPZDceU9gvlM3BXxplklDaXCkIvsRJThLo2WhPZDOVtAoGBAOxp\nZ+58/wAnO7J8oTQpNUWSuWx17632JFV23lmUZGkFLm6LIwY+ehpc2RKarx9KPPuj\nQFBKBsIg/+oLeO4T0fyuHxVCZijL2M6rbFequqx2pTxC1ayJBW6s0zvOSChd+uQs\nVElfa30XB9dbKo4C3WzLpP7pVqP0B2gzG4iCnjX9AoGBAIV0FvKGPMnLBv9HJcBh\n9yy1KE8ZN7UVdF1WAtE018egOyMkfCKHMOOnCddkTROaHkU0R/wxQBnHBW3E0XVM\n8sJ7GeKdi5FokQPlb045It/18rCqaCjUEDTC7Ex/p1FUfQArHYQgJmFRAScrUAaU\n9w+DNU8NjcOw71FPRbIaGwrlAoGBAOkbghSBgbs39EApbZaOL237oAQXQg8JTohK\n3jH8BQocxszPOujUP/ewp4YVqimzPPBu52KDq6hNe6neSA6Q0pRRaGrA/xSo843N\nL9Y9jTWzA3io+iHXNdkMZnhpDXNoP5QvNajngohkZiHuTcabgpPdNUL496pQW+Fd\ny39ONAxNAoGAcFgG2U4jNy5n+aYjQPg1KfC2y+tgcRRCMEJru1lJqp4slP4SCbf6\ntGxksWRBD4NMd25rQE6EPqBsSifn6LT0eeT0ISM1QRIqO4ZySflPCT3xjTe3NDWP\nzKS1tx7NY4Gu3zdT4nFagLHPnlBtUQU3wNi8mFW/Lgt01uCnfdvvC8c=\n-----END RSA PRIVATE KEY-----\n",
            "content_base64": null,
            "content_base64sha256": "5lsleweBc+GZpnOK+bS/XlrJCdKqva5Co6PCetGAhBc=",
            "content_base64sha512": "9InFJjzoiaHAH4BkpAEQUT+opBM95oxZLs3R9g1qIdQY2DLs53EZgyioTcCb6+5NGC3pqAgLOzzTjO+tsZu7LQ==",
            "content_md5": "b3d04ca17503a3f818252d702ff0b35a",
            "content_sha1": "9e9b6ea031a57766d3b19df30b6c44e171d87280",
            "content_sha256": "e65b257b078173e199a6738af9b4bf5e5ac909d2aabdae42a3a3c27ad1808417",
            "content_sha512": "f489c5263ce889a1c01f8064a40110513fa8a4133de68c592ecdd1f60d6a21d418d832ece771198328a84dc09bebee4d182de9a8080b3b3cd38cefadb19bbb2d",
            "directory_permission": "0777",
            "file_permission": "0400",
            "filename": "ssh_key.pem",
            "id": "9e9b6ea031a57766d3b19df30b6c44e171d87280",
            "sensitive_content": null,
            "source": null
          },
          "sensitive_attributes": [
            [
              {
                "type": "get_attr",
                "value": "content"
              }
            ]
          ],
          "dependencies": [
            "tls_private_key.private_key"
          ]
        }
      ]
    },
    {
      "mode": "managed",
      "type": "tls_private_key",
      "name": "private_key",
      "provider": "provider[\"registry.terraform.io/hashicorp/tls\"]",
      "instances": [
        {
          "schema_version": 1,
          "attributes": {
            "algorithm": "RSA",
            "ecdsa_curve": "P224",
            "id": "d19538352c6cc885948836f01ebe68dfb2664f66",
            "private_key_openssh": "-----BEGIN OPENSSH PRIVATE KEY-----\nb3BlbnNzaC1rZXktdjEAAAAABG5vbmUAAAAEbm9uZQAAAAAAAAABAAABFwAAAAdz\nc2gtcnNhAAAAAwEAAQAAAQEAyaAfmfB1mSHBdHe3CvsuqtYGD13wlA/RXiqWoT4/\nnmDUyIB7SfORxopyKDvXJ69DgVbHKRpUEIhfRTHr7UVZ+WlWDK2AdAmzX8o3zr16\nR/Li2iPTiepZr6YssB3b1s9AMIVgEB9J7ww3SmM85N1nCHEO8qawjvXBoJ/1C/qA\n/px4HJrdo3aePlpm0PxnHZC+DrBpDA+yrQ8iI8VrpgV+0cpMkm5uteqoxL/le0iY\nyUmV6BjRprus1E4f+qaD1U9FSqnEgodHKHG+JhavqQ0z4fe9aLOsrDN16Y7Dj2F/\nOH2yey4t3fP0vCPe/9VhiZJTsexL/1PQIzOcmQTsIIRNuQAAA7hwOTKgcDkyoAAA\nAAdzc2gtcnNhAAABAQDJoB+Z8HWZIcF0d7cK+y6q1gYPXfCUD9FeKpahPj+eYNTI\ngHtJ85HGinIoO9cnr0OBVscpGlQQiF9FMevtRVn5aVYMrYB0CbNfyjfOvXpH8uLa\nI9OJ6lmvpiywHdvWz0AwhWAQH0nvDDdKYzzk3WcIcQ7yprCO9cGgn/UL+oD+nHgc\nmt2jdp4+WmbQ/GcdkL4OsGkMD7KtDyIjxWumBX7RykySbm616qjEv+V7SJjJSZXo\nGNGmu6zUTh/6poPVT0VKqcSCh0cocb4mFq+pDTPh971os6ysM3XpjsOPYX84fbJ7\nLi3d8/S8I97/1WGJklOx7Ev/U9AjM5yZBOwghE25AAAAAwEAAQAAAQEAtRYwa8Ux\nCajspFtFNgKlRmBVLwYTJhgS1f1wLj/HScr0MWRb1u6A9g2wO/yK4CSkf4zd8Uep\nSvQAhRgyKneION7nnxlRbmasCROJDhDVu7slDgDxZEPr6ztXlZIruYGIyEtyHOjN\nMXsKSbBZp8BGYqmQYFVf6/ZDwq0HnIuPwZxUQ0R6Xx/+WU0WOzGRfIdDFeJOeK2O\nG54V/iaoZEz3ovihx9ZcO9pHU09uPBjAqpx7352gGw2L8XW8SV6kl8GcZJFSWNYq\nDVGTjjp4QwIiT0hBxJastRDLtyha+/uESp7F0AjTyuBsD/+prDCrGa28TF6p5G9j\nJgoETqTrYwQkEQAAAIBwWAbZTiM3Lmf5piNA+DUp8LbL62BxFEIwQmu7WUmqniyU\n/hIJt/q0bGSxZEEPg0x3bmtAToQ+oGxKJ+fotPR55PQhIzVBEio7hnJJ+U8JPfGN\nN7c0NY/MpLW3Hs1jga7fN1PicVqAsc+eUG1RBTfA2LyYVb8uC3TW4Kd92+8LxwAA\nAIEA2lTbSkJ4aVDDQnGXtzJfwrqzYpJS3/iyzO9xaJRer4yUDYUhVVQ6/YoG2nta\nlfTAdEYMXMYB5e8CP4YdMWHvmR+npGGPRsA7Lf7vHsyLMZb3+9chk9wxnybUWuYz\nOGiKA9kNx5T2C+UzcFfGmWSUNpcKQi+xElOEujZaE9kM5W0AAACBAOxpZ+58/wAn\nO7J8oTQpNUWSuWx17632JFV23lmUZGkFLm6LIwY+ehpc2RKarx9KPPujQFBKBsIg\n/+oLeO4T0fyuHxVCZijL2M6rbFequqx2pTxC1ayJBW6s0zvOSChd+uQsVElfa30X\nB9dbKo4C3WzLpP7pVqP0B2gzG4iCnjX9AAAAAAEC\n-----END OPENSSH PRIVATE KEY-----\n",
            "private_key_pem": "-----BEGIN RSA PRIVATE KEY-----\nMIIEpQIBAAKCAQEAyaAfmfB1mSHBdHe3CvsuqtYGD13wlA/RXiqWoT4/nmDUyIB7\nSfORxopyKDvXJ69DgVbHKRpUEIhfRTHr7UVZ+WlWDK2AdAmzX8o3zr16R/Li2iPT\niepZr6YssB3b1s9AMIVgEB9J7ww3SmM85N1nCHEO8qawjvXBoJ/1C/qA/px4HJrd\no3aePlpm0PxnHZC+DrBpDA+yrQ8iI8VrpgV+0cpMkm5uteqoxL/le0iYyUmV6BjR\nprus1E4f+qaD1U9FSqnEgodHKHG+JhavqQ0z4fe9aLOsrDN16Y7Dj2F/OH2yey4t\n3fP0vCPe/9VhiZJTsexL/1PQIzOcmQTsIIRNuQIDAQABAoIBAQC1FjBrxTEJqOyk\nW0U2AqVGYFUvBhMmGBLV/XAuP8dJyvQxZFvW7oD2DbA7/IrgJKR/jN3xR6lK9ACF\nGDIqd4g43uefGVFuZqwJE4kOENW7uyUOAPFkQ+vrO1eVkiu5gYjIS3Ic6M0xewpJ\nsFmnwEZiqZBgVV/r9kPCrQeci4/BnFRDRHpfH/5ZTRY7MZF8h0MV4k54rY4bnhX+\nJqhkTPei+KHH1lw72kdTT248GMCqnHvfnaAbDYvxdbxJXqSXwZxkkVJY1ioNUZOO\nOnhDAiJPSEHElqy1EMu3KFr7+4RKnsXQCNPK4GwP/6msMKsZrbxMXqnkb2MmCgRO\npOtjBCQRAoGBANpU20pCeGlQw0Jxl7cyX8K6s2KSUt/4sszvcWiUXq+MlA2FIVVU\nOv2KBtp7WpX0wHRGDFzGAeXvAj+GHTFh75kfp6Rhj0bAOy3+7x7MizGW9/vXIZPc\nMZ8m1FrmMzhoigPZDceU9gvlM3BXxplklDaXCkIvsRJThLo2WhPZDOVtAoGBAOxp\nZ+58/wAnO7J8oTQpNUWSuWx17632JFV23lmUZGkFLm6LIwY+ehpc2RKarx9KPPuj\nQFBKBsIg/+oLeO4T0fyuHxVCZijL2M6rbFequqx2pTxC1ayJBW6s0zvOSChd+uQs\nVElfa30XB9dbKo4C3WzLpP7pVqP0B2gzG4iCnjX9AoGBAIV0FvKGPMnLBv9HJcBh\n9yy1KE8ZN7UVdF1WAtE018egOyMkfCKHMOOnCddkTROaHkU0R/wxQBnHBW3E0XVM\n8sJ7GeKdi5FokQPlb045It/18rCqaCjUEDTC7Ex/p1FUfQArHYQgJmFRAScrUAaU\n9w+DNU8NjcOw71FPRbIaGwrlAoGBAOkbghSBgbs39EApbZaOL237oAQXQg8JTohK\n3jH8BQocxszPOujUP/ewp4YVqimzPPBu52KDq6hNe6neSA6Q0pRRaGrA/xSo843N\nL9Y9jTWzA3io+iHXNdkMZnhpDXNoP5QvNajngohkZiHuTcabgpPdNUL496pQW+Fd\ny39ONAxNAoGAcFgG2U4jNy5n+aYjQPg1KfC2y+tgcRRCMEJru1lJqp4slP4SCbf6\ntGxksWRBD4NMd25rQE6EPqBsSifn6LT0eeT0ISM1QRIqO4ZySflPCT3xjTe3NDWP\nzKS1tx7NY4Gu3zdT4nFagLHPnlBtUQU3wNi8mFW/Lgt01uCnfdvvC8c=\n-----END RSA PRIVATE KEY-----\n",
            "private_key_pem_pkcs8": "-----BEGIN PRIVATE KEY-----\nMIIEvwIBADANBgkqhkiG9w0BAQEFAASCBKkwggSlAgEAAoIBAQDJoB+Z8HWZIcF0\nd7cK+y6q1gYPXfCUD9FeKpahPj+eYNTIgHtJ85HGinIoO9cnr0OBVscpGlQQiF9F\nMevtRVn5aVYMrYB0CbNfyjfOvXpH8uLaI9OJ6lmvpiywHdvWz0AwhWAQH0nvDDdK\nYzzk3WcIcQ7yprCO9cGgn/UL+oD+nHgcmt2jdp4+WmbQ/GcdkL4OsGkMD7KtDyIj\nxWumBX7RykySbm616qjEv+V7SJjJSZXoGNGmu6zUTh/6poPVT0VKqcSCh0cocb4m\nFq+pDTPh971os6ysM3XpjsOPYX84fbJ7Li3d8/S8I97/1WGJklOx7Ev/U9AjM5yZ\nBOwghE25AgMBAAECggEBALUWMGvFMQmo7KRbRTYCpUZgVS8GEyYYEtX9cC4/x0nK\n9DFkW9bugPYNsDv8iuAkpH+M3fFHqUr0AIUYMip3iDje558ZUW5mrAkTiQ4Q1bu7\nJQ4A8WRD6+s7V5WSK7mBiMhLchzozTF7CkmwWafARmKpkGBVX+v2Q8KtB5yLj8Gc\nVENEel8f/llNFjsxkXyHQxXiTnitjhueFf4mqGRM96L4ocfWXDvaR1NPbjwYwKqc\ne9+doBsNi/F1vElepJfBnGSRUljWKg1Rk446eEMCIk9IQcSWrLUQy7coWvv7hEqe\nxdAI08rgbA//qawwqxmtvExeqeRvYyYKBE6k62MEJBECgYEA2lTbSkJ4aVDDQnGX\ntzJfwrqzYpJS3/iyzO9xaJRer4yUDYUhVVQ6/YoG2ntalfTAdEYMXMYB5e8CP4Yd\nMWHvmR+npGGPRsA7Lf7vHsyLMZb3+9chk9wxnybUWuYzOGiKA9kNx5T2C+UzcFfG\nmWSUNpcKQi+xElOEujZaE9kM5W0CgYEA7Gln7nz/ACc7snyhNCk1RZK5bHXvrfYk\nVXbeWZRkaQUubosjBj56GlzZEpqvH0o8+6NAUEoGwiD/6gt47hPR/K4fFUJmKMvY\nzqtsV6q6rHalPELVrIkFbqzTO85IKF365CxUSV9rfRcH11sqjgLdbMuk/ulWo/QH\naDMbiIKeNf0CgYEAhXQW8oY8ycsG/0clwGH3LLUoTxk3tRV0XVYC0TTXx6A7IyR8\nIocw46cJ12RNE5oeRTRH/DFAGccFbcTRdUzywnsZ4p2LkWiRA+VvTjki3/XysKpo\nKNQQNMLsTH+nUVR9ACsdhCAmYVEBJytQBpT3D4M1Tw2Nw7DvUU9FshobCuUCgYEA\n6RuCFIGBuzf0QCltlo4vbfugBBdCDwlOiEreMfwFChzGzM866NQ/97CnhhWqKbM8\n8G7nYoOrqE17qd5IDpDSlFFoasD/FKjzjc0v1j2NNbMDeKj6Idc12QxmeGkNc2g/\nlC81qOeCiGRmIe5NxpuCk901Qvj3qlBb4V3Lf040DE0CgYBwWAbZTiM3Lmf5piNA\n+DUp8LbL62BxFEIwQmu7WUmqniyU/hIJt/q0bGSxZEEPg0x3bmtAToQ+oGxKJ+fo\ntPR55PQhIzVBEio7hnJJ+U8JPfGNN7c0NY/MpLW3Hs1jga7fN1PicVqAsc+eUG1R\nBTfA2LyYVb8uC3TW4Kd92+8Lxw==\n-----END PRIVATE KEY-----\n",
            "public_key_fingerprint_md5": "66:dc:da:a1:6f:5d:54:81:c8:f0:59:40:18:a9:dd:bf",
            "public_key_fingerprint_sha256": "SHA256:zv8G8Mq0ATsdaSFAXzanPxwQN4ovPAYHuCAQ8TS+Tu0",
            "public_key_openssh": "ssh-rsa AAAAB3NzaC1yc2EAAAADAQABAAABAQDJoB+Z8HWZIcF0d7cK+y6q1gYPXfCUD9FeKpahPj+eYNTIgHtJ85HGinIoO9cnr0OBVscpGlQQiF9FMevtRVn5aVYMrYB0CbNfyjfOvXpH8uLaI9OJ6lmvpiywHdvWz0AwhWAQH0nvDDdKYzzk3WcIcQ7yprCO9cGgn/UL+oD+nHgcmt2jdp4+WmbQ/GcdkL4OsGkMD7KtDyIjxWumBX7RykySbm616qjEv+V7SJjJSZXoGNGmu6zUTh/6poPVT0VKqcSCh0cocb4mFq+pDTPh971os6ysM3XpjsOPYX84fbJ7Li3d8/S8I97/1WGJklOx7Ev/U9AjM5yZBOwghE25\n",
            "public_key_pem": "-----BEGIN PUBLIC KEY-----\nMIIBIjANBgkqhkiG9w0BAQEFAAOCAQ8AMIIBCgKCAQEAyaAfmfB1mSHBdHe3Cvsu\nqtYGD13wlA/RXiqWoT4/nmDUyIB7SfORxopyKDvXJ69DgVbHKRpUEIhfRTHr7UVZ\n+WlWDK2AdAmzX8o3zr16R/Li2iPTiepZr6YssB3b1s9AMIVgEB9J7ww3SmM85N1n\nCHEO8qawjvXBoJ/1C/qA/px4HJrdo3aePlpm0PxnHZC+DrBpDA+yrQ8iI8VrpgV+\n0cpMkm5uteqoxL/le0iYyUmV6BjRprus1E4f+qaD1U9FSqnEgodHKHG+JhavqQ0z\n4fe9aLOsrDN16Y7Dj2F/OH2yey4t3fP0vCPe/9VhiZJTsexL/1PQIzOcmQTsIIRN\nuQIDAQAB\n-----END PUBLIC KEY-----\n",
            "rsa_bits": 2048
          },
          "sensitive_attributes": []
        }
      ]
    },
    {
      "module": "module.aws_vpc",
      "mode": "managed",
      "type": "aws_eip",
      "name": "nat_eip",
      "provider": "provider[\"registry.terraform.io/hashicorp/aws\"]",
      "instances": [
        {
          "schema_version": 0,
          "attributes": {
            "address": null,
            "allocation_id": "eipalloc-0246070f15e1facdb",
            "associate_with_private_ip": null,
            "association_id": "eipassoc-0badc7499ceb97888",
            "carrier_ip": "",
            "customer_owned_ip": "",
            "customer_owned_ipv4_pool": "",
            "domain": "vpc",
            "id": "eipalloc-0246070f15e1facdb",
            "instance": "",
            "network_border_group": "us-east-1",
            "network_interface": "eni-0558fd6bdb5f9fa19",
            "private_dns": "ip-10-10-1-49.ec2.internal",
            "private_ip": "10.10.1.49",
            "public_dns": "ec2-54-160-7-232.compute-1.amazonaws.com",
            "public_ip": "54.160.7.232",
            "public_ipv4_pool": "amazon",
            "tags": {
              "Name": "fcj-nat-gw-eip"
            },
            "tags_all": {
              "Environment": "Development",
              "Name": "fcj-nat-gw-eip",
              "Owner": "Dev"
            },
            "timeouts": null,
            "vpc": true
          },
          "sensitive_attributes": [],
          "private": "eyJlMmJmYjczMC1lY2FhLTExZTYtOGY4OC0zNDM2M2JjN2M0YzAiOnsiZGVsZXRlIjoxODAwMDAwMDAwMDAsInJlYWQiOjkwMDAwMDAwMDAwMCwidXBkYXRlIjozMDAwMDAwMDAwMDB9fQ==",
          "dependencies": [
            "module.aws_vpc.aws_internet_gateway.igw",
            "module.aws_vpc.aws_vpc.vpc"
          ]
        }
      ]
    },
    {
      "module": "module.aws_vpc",
      "mode": "managed",
      "type": "aws_internet_gateway",
      "name": "igw",
      "provider": "provider[\"registry.terraform.io/hashicorp/aws\"]",
      "instances": [
        {
          "schema_version": 0,
          "attributes": {
            "arn": "arn:aws:ec2:us-east-1:109450601735:internet-gateway/igw-02612affea8ff8472",
            "id": "igw-02612affea8ff8472",
            "owner_id": "109450601735",
            "tags": {
              "Name": "fcj-igw"
            },
            "tags_all": {
              "Environment": "Development",
              "Name": "fcj-igw",
              "Owner": "Dev"
            },
            "timeouts": null,
            "vpc_id": "vpc-02105fe403968250e"
          },
          "sensitive_attributes": [],
          "private": "eyJlMmJmYjczMC1lY2FhLTExZTYtOGY4OC0zNDM2M2JjN2M0YzAiOnsiY3JlYXRlIjoxMjAwMDAwMDAwMDAwLCJkZWxldGUiOjEyMDAwMDAwMDAwMDAsInVwZGF0ZSI6MTIwMDAwMDAwMDAwMH19",
          "dependencies": [
            "module.aws_vpc.aws_vpc.vpc"
          ]
        }
      ]
    },
    {
      "module": "module.aws_vpc",
      "mode": "managed",
      "type": "aws_nat_gateway",
      "name": "nat_gw",
      "provider": "provider[\"registry.terraform.io/hashicorp/aws\"]",
      "instances": [
        {
          "schema_version": 0,
          "attributes": {
            "allocation_id": "eipalloc-0246070f15e1facdb",
            "association_id": "eipassoc-0badc7499ceb97888",
            "connectivity_type": "public",
            "id": "nat-0bff573f78deeec8e",
            "network_interface_id": "eni-0558fd6bdb5f9fa19",
            "private_ip": "10.10.1.49",
            "public_ip": "54.160.7.232",
            "secondary_allocation_ids": [],
            "secondary_private_ip_address_count": 0,
            "secondary_private_ip_addresses": [],
            "subnet_id": "subnet-0c1cc911c0c6cd5ea",
            "tags": {
              "Name": "fcj-nat-gw"
            },
            "tags_all": {
              "Environment": "Development",
              "Name": "fcj-nat-gw",
              "Owner": "Dev"
            },
            "timeouts": null
          },
          "sensitive_attributes": [],
          "private": "eyJlMmJmYjczMC1lY2FhLTExZTYtOGY4OC0zNDM2M2JjN2M0YzAiOnsiY3JlYXRlIjo2MDAwMDAwMDAwMDAsImRlbGV0ZSI6MTgwMDAwMDAwMDAwMCwidXBkYXRlIjo2MDAwMDAwMDAwMDB9fQ==",
          "dependencies": [
            "module.aws_vpc.aws_eip.nat_eip",
            "module.aws_vpc.aws_internet_gateway.igw",
            "module.aws_vpc.aws_subnet.public_subnet",
            "module.aws_vpc.aws_vpc.vpc"
          ]
        }
      ]
    },
    {
      "module": "module.aws_vpc",
      "mode": "managed",
      "type": "aws_route_table",
      "name": "rtb_private",
      "provider": "provider[\"registry.terraform.io/hashicorp/aws\"]",
      "instances": [
        {
          "schema_version": 0,
          "attributes": {
            "arn": "arn:aws:ec2:us-east-1:109450601735:route-table/rtb-05ec4ed1abdb6bffa",
            "id": "rtb-05ec4ed1abdb6bffa",
            "owner_id": "109450601735",
            "propagating_vgws": [],
            "route": [
              {
                "carrier_gateway_id": "",
                "cidr_block": "0.0.0.0/0",
                "core_network_arn": "",
                "destination_prefix_list_id": "",
                "egress_only_gateway_id": "",
                "gateway_id": "",
                "ipv6_cidr_block": "",
                "local_gateway_id": "",
                "nat_gateway_id": "nat-0bff573f78deeec8e",
                "network_interface_id": "",
                "transit_gateway_id": "",
                "vpc_endpoint_id": "",
                "vpc_peering_connection_id": ""
              }
            ],
            "tags": {
              "Name": "fcj-private-rtb"
            },
            "tags_all": {
              "Environment": "Development",
              "Name": "fcj-private-rtb",
              "Owner": "Dev"
            },
            "timeouts": null,
            "vpc_id": "vpc-02105fe403968250e"
          },
          "sensitive_attributes": [],
          "private": "eyJlMmJmYjczMC1lY2FhLTExZTYtOGY4OC0zNDM2M2JjN2M0YzAiOnsiY3JlYXRlIjozMDAwMDAwMDAwMDAsImRlbGV0ZSI6MzAwMDAwMDAwMDAwLCJ1cGRhdGUiOjEyMDAwMDAwMDAwMH19",
          "dependencies": [
            "module.aws_vpc.aws_eip.nat_eip",
            "module.aws_vpc.aws_internet_gateway.igw",
            "module.aws_vpc.aws_nat_gateway.nat_gw",
            "module.aws_vpc.aws_subnet.public_subnet",
            "module.aws_vpc.aws_vpc.vpc"
          ]
        }
      ]
    },
    {
      "module": "module.aws_vpc",
      "mode": "managed",
      "type": "aws_route_table",
      "name": "rtb_public",
      "provider": "provider[\"registry.terraform.io/hashicorp/aws\"]",
      "instances": [
        {
          "schema_version": 0,
          "attributes": {
            "arn": "arn:aws:ec2:us-east-1:109450601735:route-table/rtb-04650b2ad7e0d9961",
            "id": "rtb-04650b2ad7e0d9961",
            "owner_id": "109450601735",
            "propagating_vgws": [],
            "route": [
              {
                "carrier_gateway_id": "",
                "cidr_block": "0.0.0.0/0",
                "core_network_arn": "",
                "destination_prefix_list_id": "",
                "egress_only_gateway_id": "",
                "gateway_id": "igw-02612affea8ff8472",
                "ipv6_cidr_block": "",
                "local_gateway_id": "",
                "nat_gateway_id": "",
                "network_interface_id": "",
                "transit_gateway_id": "",
                "vpc_endpoint_id": "",
                "vpc_peering_connection_id": ""
              }
            ],
            "tags": {
              "Name": "fcj-public-rtb"
            },
            "tags_all": {
              "Environment": "Development",
              "Name": "fcj-public-rtb",
              "Owner": "Dev"
            },
            "timeouts": null,
            "vpc_id": "vpc-02105fe403968250e"
          },
          "sensitive_attributes": [],
          "private": "eyJlMmJmYjczMC1lY2FhLTExZTYtOGY4OC0zNDM2M2JjN2M0YzAiOnsiY3JlYXRlIjozMDAwMDAwMDAwMDAsImRlbGV0ZSI6MzAwMDAwMDAwMDAwLCJ1cGRhdGUiOjEyMDAwMDAwMDAwMH19",
          "dependencies": [
            "module.aws_vpc.aws_internet_gateway.igw",
            "module.aws_vpc.aws_vpc.vpc"
          ]
        }
      ]
    },
    {
      "module": "module.aws_vpc",
      "mode": "managed",
      "type": "aws_route_table_association",
      "name": "private_subnet_association",
      "provider": "provider[\"registry.terraform.io/hashicorp/aws\"]",
      "instances": [
        {
          "index_key": "0",
          "schema_version": 0,
          "attributes": {
            "gateway_id": "",
            "id": "rtbassoc-0270cd95b7f9d84fe",
            "route_table_id": "rtb-05ec4ed1abdb6bffa",
            "subnet_id": "subnet-05d0504a585958bc7",
            "timeouts": null
          },
          "sensitive_attributes": [],
          "private": "eyJlMmJmYjczMC1lY2FhLTExZTYtOGY4OC0zNDM2M2JjN2M0YzAiOnsiY3JlYXRlIjozMDAwMDAwMDAwMDAsImRlbGV0ZSI6MzAwMDAwMDAwMDAwLCJ1cGRhdGUiOjEyMDAwMDAwMDAwMH19",
          "dependencies": [
            "module.aws_vpc.aws_eip.nat_eip",
            "module.aws_vpc.aws_internet_gateway.igw",
            "module.aws_vpc.aws_nat_gateway.nat_gw",
            "module.aws_vpc.aws_route_table.rtb_private",
            "module.aws_vpc.aws_subnet.private_subnet",
            "module.aws_vpc.aws_subnet.public_subnet",
            "module.aws_vpc.aws_vpc.vpc"
          ]
        },
        {
          "index_key": "1",
          "schema_version": 0,
          "attributes": {
            "gateway_id": "",
            "id": "rtbassoc-08a7bbb62bcfe239a",
            "route_table_id": "rtb-05ec4ed1abdb6bffa",
            "subnet_id": "subnet-0c6bd4cec31457c0d",
            "timeouts": null
          },
          "sensitive_attributes": [],
          "private": "eyJlMmJmYjczMC1lY2FhLTExZTYtOGY4OC0zNDM2M2JjN2M0YzAiOnsiY3JlYXRlIjozMDAwMDAwMDAwMDAsImRlbGV0ZSI6MzAwMDAwMDAwMDAwLCJ1cGRhdGUiOjEyMDAwMDAwMDAwMH19",
          "dependencies": [
            "module.aws_vpc.aws_eip.nat_eip",
            "module.aws_vpc.aws_internet_gateway.igw",
            "module.aws_vpc.aws_nat_gateway.nat_gw",
            "module.aws_vpc.aws_route_table.rtb_private",
            "module.aws_vpc.aws_subnet.private_subnet",
            "module.aws_vpc.aws_subnet.public_subnet",
            "module.aws_vpc.aws_vpc.vpc"
          ]
        }
      ]
    },
    {
      "module": "module.aws_vpc",
      "mode": "managed",
      "type": "aws_route_table_association",
      "name": "public_subnet_association",
      "provider": "provider[\"registry.terraform.io/hashicorp/aws\"]",
      "instances": [
        {
          "index_key": "0",
          "schema_version": 0,
          "attributes": {
            "gateway_id": "",
            "id": "rtbassoc-036ffe93c99b94167",
            "route_table_id": "rtb-04650b2ad7e0d9961",
            "subnet_id": "subnet-0ad488e80f2f863f2",
            "timeouts": null
          },
          "sensitive_attributes": [],
          "private": "eyJlMmJmYjczMC1lY2FhLTExZTYtOGY4OC0zNDM2M2JjN2M0YzAiOnsiY3JlYXRlIjozMDAwMDAwMDAwMDAsImRlbGV0ZSI6MzAwMDAwMDAwMDAwLCJ1cGRhdGUiOjEyMDAwMDAwMDAwMH19",
          "dependencies": [
            "module.aws_vpc.aws_internet_gateway.igw",
            "module.aws_vpc.aws_route_table.rtb_public",
            "module.aws_vpc.aws_subnet.public_subnet",
            "module.aws_vpc.aws_vpc.vpc"
          ]
        },
        {
          "index_key": "1",
          "schema_version": 0,
          "attributes": {
            "gateway_id": "",
            "id": "rtbassoc-0eaaced7e1412d894",
            "route_table_id": "rtb-04650b2ad7e0d9961",
            "subnet_id": "subnet-0c1cc911c0c6cd5ea",
            "timeouts": null
          },
          "sensitive_attributes": [],
          "private": "eyJlMmJmYjczMC1lY2FhLTExZTYtOGY4OC0zNDM2M2JjN2M0YzAiOnsiY3JlYXRlIjozMDAwMDAwMDAwMDAsImRlbGV0ZSI6MzAwMDAwMDAwMDAwLCJ1cGRhdGUiOjEyMDAwMDAwMDAwMH19",
          "dependencies": [
            "module.aws_vpc.aws_internet_gateway.igw",
            "module.aws_vpc.aws_route_table.rtb_public",
            "module.aws_vpc.aws_subnet.public_subnet",
            "module.aws_vpc.aws_vpc.vpc"
          ]
        }
      ]
    },
    {
      "module": "module.aws_vpc",
      "mode": "managed",
      "type": "aws_security_group",
      "name": "private_sg",
      "provider": "provider[\"registry.terraform.io/hashicorp/aws\"]",
      "instances": [
        {
          "schema_version": 1,
          "attributes": {
            "arn": "arn:aws:ec2:us-east-1:109450601735:security-group/sg-0713c53e250b27e0b",
            "description": "Managed by Terraform",
            "egress": [
              {
                "cidr_blocks": [
                  "0.0.0.0/0"
                ],
                "description": "",
                "from_port": 0,
                "ipv6_cidr_blocks": [],
                "prefix_list_ids": [],
                "protocol": "-1",
                "security_groups": [],
                "self": false,
                "to_port": 0
              }
            ],
            "id": "sg-0713c53e250b27e0b",
            "ingress": [
              {
                "cidr_blocks": [
                  "0.0.0.0/0"
                ],
                "description": "",
                "from_port": 0,
                "ipv6_cidr_blocks": [],
                "prefix_list_ids": [],
                "protocol": "tcp",
                "security_groups": [],
                "self": false,
                "to_port": 0
              },
              {
                "cidr_blocks": [],
                "description": "",
                "from_port": 22,
                "ipv6_cidr_blocks": [],
                "prefix_list_ids": [],
                "protocol": "tcp",
                "security_groups": [
                  "sg-098c7203b60852614"
                ],
                "self": false,
                "to_port": 22
              }
            ],
            "name": "fcj-private-sg",
            "name_prefix": "",
            "owner_id": "109450601735",
            "revoke_rules_on_delete": false,
            "tags": {
              "Name": "fcj-private-sg"
            },
            "tags_all": {
              "Environment": "Development",
              "Name": "fcj-private-sg",
              "Owner": "Dev"
            },
            "timeouts": null,
            "vpc_id": "vpc-02105fe403968250e"
          },
          "sensitive_attributes": [],
          "private": "eyJlMmJmYjczMC1lY2FhLTExZTYtOGY4OC0zNDM2M2JjN2M0YzAiOnsiY3JlYXRlIjo2MDAwMDAwMDAwMDAsImRlbGV0ZSI6OTAwMDAwMDAwMDAwfSwic2NoZW1hX3ZlcnNpb24iOiIxIn0=",
          "dependencies": [
            "module.aws_vpc.aws_security_group.public_sg",
            "module.aws_vpc.aws_vpc.vpc"
          ]
        }
      ]
    },
    {
      "module": "module.aws_vpc",
      "mode": "managed",
      "type": "aws_security_group",
      "name": "public_sg",
      "provider": "provider[\"registry.terraform.io/hashicorp/aws\"]",
      "instances": [
        {
          "schema_version": 1,
          "attributes": {
            "arn": "arn:aws:ec2:us-east-1:109450601735:security-group/sg-098c7203b60852614",
            "description": "Managed by Terraform",
            "egress": [
              {
                "cidr_blocks": [
                  "0.0.0.0/0"
                ],
                "description": "",
                "from_port": 0,
                "ipv6_cidr_blocks": [],
                "prefix_list_ids": [],
                "protocol": "-1",
                "security_groups": [],
                "self": false,
                "to_port": 0
              }
            ],
            "id": "sg-098c7203b60852614",
            "ingress": [
              {
                "cidr_blocks": [
                  "0.0.0.0/0"
                ],
                "description": "",
                "from_port": 0,
                "ipv6_cidr_blocks": [],
                "prefix_list_ids": [],
                "protocol": "tcp",
                "security_groups": [],
                "self": false,
                "to_port": 0
              },
              {
                "cidr_blocks": [
                  "0.0.0.0/0"
                ],
                "description": "",
                "from_port": 22,
                "ipv6_cidr_blocks": [],
                "prefix_list_ids": [],
                "protocol": "tcp",
                "security_groups": [],
                "self": false,
                "to_port": 22
              }
            ],
            "name": "fcj-public-sg",
            "name_prefix": "",
            "owner_id": "109450601735",
            "revoke_rules_on_delete": false,
            "tags": {
              "Name": "fcj-public-sg"
            },
            "tags_all": {
              "Environment": "Development",
              "Name": "fcj-public-sg",
              "Owner": "Dev"
            },
            "timeouts": null,
            "vpc_id": "vpc-02105fe403968250e"
          },
          "sensitive_attributes": [],
          "private": "eyJlMmJmYjczMC1lY2FhLTExZTYtOGY4OC0zNDM2M2JjN2M0YzAiOnsiY3JlYXRlIjo2MDAwMDAwMDAwMDAsImRlbGV0ZSI6OTAwMDAwMDAwMDAwfSwic2NoZW1hX3ZlcnNpb24iOiIxIn0=",
          "dependencies": [
            "module.aws_vpc.aws_vpc.vpc"
          ]
        }
      ]
    },
    {
      "module": "module.aws_vpc",
      "mode": "managed",
      "type": "aws_subnet",
      "name": "private_subnet",
      "provider": "provider[\"registry.terraform.io/hashicorp/aws\"]",
      "instances": [
        {
          "index_key": 0,
          "schema_version": 1,
          "attributes": {
            "arn": "arn:aws:ec2:us-east-1:109450601735:subnet/subnet-05d0504a585958bc7",
            "assign_ipv6_address_on_creation": false,
            "availability_zone": "us-east-1a",
            "availability_zone_id": "use1-az1",
            "cidr_block": "10.10.2.0/24",
            "customer_owned_ipv4_pool": "",
            "enable_dns64": false,
            "enable_lni_at_device_index": 0,
            "enable_resource_name_dns_a_record_on_launch": false,
            "enable_resource_name_dns_aaaa_record_on_launch": false,
            "id": "subnet-05d0504a585958bc7",
            "ipv6_cidr_block": "",
            "ipv6_cidr_block_association_id": "",
            "ipv6_native": false,
            "map_customer_owned_ip_on_launch": false,
            "map_public_ip_on_launch": false,
            "outpost_arn": "",
            "owner_id": "109450601735",
            "private_dns_hostname_type_on_launch": "ip-name",
            "tags": {
              "Name": "fcj-private-subnet-0"
            },
            "tags_all": {
              "Environment": "Development",
              "Name": "fcj-private-subnet-0",
              "Owner": "Dev"
            },
            "timeouts": null,
            "vpc_id": "vpc-02105fe403968250e"
          },
          "sensitive_attributes": [],
          "private": "eyJlMmJmYjczMC1lY2FhLTExZTYtOGY4OC0zNDM2M2JjN2M0YzAiOnsiY3JlYXRlIjo2MDAwMDAwMDAwMDAsImRlbGV0ZSI6MTIwMDAwMDAwMDAwMH0sInNjaGVtYV92ZXJzaW9uIjoiMSJ9",
          "dependencies": [
            "module.aws_vpc.aws_vpc.vpc"
          ]
        },
        {
          "index_key": 1,
          "schema_version": 1,
          "attributes": {
            "arn": "arn:aws:ec2:us-east-1:109450601735:subnet/subnet-0c6bd4cec31457c0d",
            "assign_ipv6_address_on_creation": false,
            "availability_zone": "us-east-1b",
            "availability_zone_id": "use1-az2",
            "cidr_block": "10.10.3.0/24",
            "customer_owned_ipv4_pool": "",
            "enable_dns64": false,
            "enable_lni_at_device_index": 0,
            "enable_resource_name_dns_a_record_on_launch": false,
            "enable_resource_name_dns_aaaa_record_on_launch": false,
            "id": "subnet-0c6bd4cec31457c0d",
            "ipv6_cidr_block": "",
            "ipv6_cidr_block_association_id": "",
            "ipv6_native": false,
            "map_customer_owned_ip_on_launch": false,
            "map_public_ip_on_launch": false,
            "outpost_arn": "",
            "owner_id": "109450601735",
            "private_dns_hostname_type_on_launch": "ip-name",
            "tags": {
              "Name": "fcj-private-subnet-1"
            },
            "tags_all": {
              "Environment": "Development",
              "Name": "fcj-private-subnet-1",
              "Owner": "Dev"
            },
            "timeouts": null,
            "vpc_id": "vpc-02105fe403968250e"
          },
          "sensitive_attributes": [],
          "private": "eyJlMmJmYjczMC1lY2FhLTExZTYtOGY4OC0zNDM2M2JjN2M0YzAiOnsiY3JlYXRlIjo2MDAwMDAwMDAwMDAsImRlbGV0ZSI6MTIwMDAwMDAwMDAwMH0sInNjaGVtYV92ZXJzaW9uIjoiMSJ9",
          "dependencies": [
            "module.aws_vpc.aws_vpc.vpc"
          ]
        }
      ]
    },
    {
      "module": "module.aws_vpc",
      "mode": "managed",
      "type": "aws_subnet",
      "name": "public_subnet",
      "provider": "provider[\"registry.terraform.io/hashicorp/aws\"]",
      "instances": [
        {
          "index_key": 0,
          "schema_version": 1,
          "attributes": {
            "arn": "arn:aws:ec2:us-east-1:109450601735:subnet/subnet-0ad488e80f2f863f2",
            "assign_ipv6_address_on_creation": false,
            "availability_zone": "us-east-1a",
            "availability_zone_id": "use1-az1",
            "cidr_block": "10.10.0.0/24",
            "customer_owned_ipv4_pool": "",
            "enable_dns64": false,
            "enable_lni_at_device_index": 0,
            "enable_resource_name_dns_a_record_on_launch": false,
            "enable_resource_name_dns_aaaa_record_on_launch": false,
            "id": "subnet-0ad488e80f2f863f2",
            "ipv6_cidr_block": "",
            "ipv6_cidr_block_association_id": "",
            "ipv6_native": false,
            "map_customer_owned_ip_on_launch": false,
            "map_public_ip_on_launch": false,
            "outpost_arn": "",
            "owner_id": "109450601735",
            "private_dns_hostname_type_on_launch": "ip-name",
            "tags": {
              "Name": "fcj-public-subnet-0"
            },
            "tags_all": {
              "Environment": "Development",
              "Name": "fcj-public-subnet-0",
              "Owner": "Dev"
            },
            "timeouts": null,
            "vpc_id": "vpc-02105fe403968250e"
          },
          "sensitive_attributes": [],
          "private": "eyJlMmJmYjczMC1lY2FhLTExZTYtOGY4OC0zNDM2M2JjN2M0YzAiOnsiY3JlYXRlIjo2MDAwMDAwMDAwMDAsImRlbGV0ZSI6MTIwMDAwMDAwMDAwMH0sInNjaGVtYV92ZXJzaW9uIjoiMSJ9",
          "dependencies": [
            "module.aws_vpc.aws_vpc.vpc"
          ]
        },
        {
          "index_key": 1,
          "schema_version": 1,
          "attributes": {
            "arn": "arn:aws:ec2:us-east-1:109450601735:subnet/subnet-0c1cc911c0c6cd5ea",
            "assign_ipv6_address_on_creation": false,
            "availability_zone": "us-east-1b",
            "availability_zone_id": "use1-az2",
            "cidr_block": "10.10.1.0/24",
            "customer_owned_ipv4_pool": "",
            "enable_dns64": false,
            "enable_lni_at_device_index": 0,
            "enable_resource_name_dns_a_record_on_launch": false,
            "enable_resource_name_dns_aaaa_record_on_launch": false,
            "id": "subnet-0c1cc911c0c6cd5ea",
            "ipv6_cidr_block": "",
            "ipv6_cidr_block_association_id": "",
            "ipv6_native": false,
            "map_customer_owned_ip_on_launch": false,
            "map_public_ip_on_launch": false,
            "outpost_arn": "",
            "owner_id": "109450601735",
            "private_dns_hostname_type_on_launch": "ip-name",
            "tags": {
              "Name": "fcj-public-subnet-1"
            },
            "tags_all": {
              "Environment": "Development",
              "Name": "fcj-public-subnet-1",
              "Owner": "Dev"
            },
            "timeouts": null,
            "vpc_id": "vpc-02105fe403968250e"
          },
          "sensitive_attributes": [],
          "private": "eyJlMmJmYjczMC1lY2FhLTExZTYtOGY4OC0zNDM2M2JjN2M0YzAiOnsiY3JlYXRlIjo2MDAwMDAwMDAwMDAsImRlbGV0ZSI6MTIwMDAwMDAwMDAwMH0sInNjaGVtYV92ZXJzaW9uIjoiMSJ9",
          "dependencies": [
            "module.aws_vpc.aws_vpc.vpc"
          ]
        }
      ]
    },
    {
      "module": "module.aws_vpc",
      "mode": "managed",
      "type": "aws_vpc",
      "name": "vpc",
      "provider": "provider[\"registry.terraform.io/hashicorp/aws\"]",
      "instances": [
        {
          "schema_version": 1,
          "attributes": {
            "arn": "arn:aws:ec2:us-east-1:109450601735:vpc/vpc-02105fe403968250e",
            "assign_generated_ipv6_cidr_block": false,
            "cidr_block": "10.10.0.0/16",
            "default_network_acl_id": "acl-0c5af27b4fe56701d",
            "default_route_table_id": "rtb-0ceb557bdfb2c23ac",
            "default_security_group_id": "sg-0884b32abdf617c2f",
            "dhcp_options_id": "dopt-05023575e2d064ecb",
            "enable_dns_hostnames": true,
            "enable_dns_support": true,
            "enable_network_address_usage_metrics": false,
            "id": "vpc-02105fe403968250e",
            "instance_tenancy": "default",
            "ipv4_ipam_pool_id": null,
            "ipv4_netmask_length": null,
            "ipv6_association_id": "",
            "ipv6_cidr_block": "",
            "ipv6_cidr_block_network_border_group": "",
            "ipv6_ipam_pool_id": "",
            "ipv6_netmask_length": 0,
            "main_route_table_id": "rtb-0ceb557bdfb2c23ac",
            "owner_id": "109450601735",
            "tags": {
              "Name": "fcj-vpc"
            },
            "tags_all": {
              "Environment": "Development",
              "Name": "fcj-vpc",
              "Owner": "Dev"
            }
          },
          "sensitive_attributes": [],
          "private": "eyJzY2hlbWFfdmVyc2lvbiI6IjEifQ=="
        }
      ]
    }
  ],
  "check_results": null
}
